
Microsoft Visual Studio Solution File, Format Version 12.00
# Visual Studio Version 17
VisualStudioVersion = 17.4.33110.190
MinimumVisualStudioVersion = 10.0.40219.1
Project("{9A19103F-16F7-4668-BE54-9A1E7A4F7556}") = "SplitEntityIntoDifferentTableMappings", "SplitEntityIntoDifferentTableMappings\SplitEntityIntoDifferentTableMappings.csproj", "{1937EAB5-0ED9-4D29-A53A-E4596801CAC1}"
EndProject
Project("{FAE04EC0-301F-11D3-BF4B-00C04F79EFBC}") = "SplitEntityUnitTests", "SplitEntityUnitTests\SplitEntityUnitTests.csproj", "{9BC08066-01A3-4606-8AC2-19BFA1507E01}"
EndProject
Global
	GlobalSection(SolutionConfigurationPlatforms) = preSolution
		Debug|Any CPU = Debug|Any CPU
		Release|Any CPU = Release|Any CPU
	EndGlobalSection
	GlobalSection(ProjectConfigurationPlatforms) = postSolution
		{1937EAB5-0ED9-4D29-A53A-E4596801CAC1}.Debug|Any CPU.ActiveCfg = Debug|Any CPU
		{1937EAB5-0ED9-4D29-A53A-E4596801CAC1}.Debug|Any CPU.Build.0 = Debug|Any CPU
		{1937EAB5-0ED9-4D29-A53A-E4596801CAC1}.Release|Any CPU.ActiveCfg = Release|Any CPU
		{1937EAB5-0ED9-4D29-A53A-E4596801CAC1}.Release|Any CPU.Build.0 = Release|Any CPU
		{9BC08066-01A3-4606-8AC2-19BFA1507E01}.Debug|Any CPU.ActiveCfg = Debug|Any CPU
		{9BC08066-01A3-4606-8AC2-19BFA1507E01}.Debug|Any CPU.Build.0 = Debug|Any CPU
		{9BC08066-01A3-4606-8AC2-19BFA1507E01}.Release|Any CPU.ActiveCfg = Release|Any CPU
		{9BC08066-01A3-4606-8AC2-19BFA1507E01}.Release|Any CPU.Build.0 = Release|Any CPU
	EndGlobalSection
	GlobalSection(SolutionProperties) = preSolution
		HideSolutionNode = FALSE
	EndGlobalSection
	GlobalSection(ExtensibilityGlobals) = postSolution
		SolutionGuid = {B0CBBB74-F517-49BF-935F-5D68E1EBF60C}
	EndGlobalSection
EndGlobal
