
Microsoft Visual Studio Solution File, Format Version 12.00
Project("{FAE04EC0-301F-11D3-BF4B-00C04F79EFBC}") = "RebusVsNServiceBusVsMassTransit.Domain", "RebusVsNServiceBusVsMassTransit.Domain\RebusVsNServiceBusVsMassTransit.Domain.csproj", "{CF289DCA-379F-48CA-A55E-FCF7A0FA465C}"
EndProject
Project("{FAE04EC0-301F-11D3-BF4B-00C04F79EFBC}") = "RebusVsNServiceBusVsMassTransit.Rebus", "RebusVsNServiceBusVsMassTransit.Rebus\RebusVsNServiceBusVsMassTransit.Rebus.csproj", "{0BAF0BA5-5B08-485F-80DD-4391EC3A0909}"
EndProject
Project("{FAE04EC0-301F-11D3-BF4B-00C04F79EFBC}") = "RebusVsNServiceBusVsMassTransit.NServiceBus", "RebusVsNServiceBusVsMassTransit.NServiceBus\RebusVsNServiceBusVsMassTransit.NServiceBus.csproj", "{6ECA6F65-1AFC-4E4A-8737-BC7627BC29DF}"
EndProject
Project("{FAE04EC0-301F-11D3-BF4B-00C04F79EFBC}") = "RebusVsNServiceBusVsMassTransit.MassTransit", "RebusVsNServiceBusVsMassTransit.MassTransit\RebusVsNServiceBusVsMassTransit.MassTransit.csproj", "{04CB9A0E-A325-41AE-8164-FF601006C577}"
EndProject
Project("{FAE04EC0-301F-11D3-BF4B-00C04F79EFBC}") = "RebusVsNServiceBusVsMassTransit.MassTransit.Tests", "RebusVsNServiceBusVsMassTransit.MassTransit.Tests\RebusVsNServiceBusVsMassTransit.MassTransit.Tests.csproj", "{79FA7C57-F3D0-4B31-AC9F-9EC8DB746C42}"
EndProject
Project("{2150E333-8FDC-42A3-9474-1A3956D46DE8}") = "Tests", "Tests", "{4864B944-AD4E-4E9C-ABFF-69C927723189}"
EndProject
Project("{2150E333-8FDC-42A3-9474-1A3956D46DE8}") = "Src", "Src", "{7CEEFDB6-345F-46DF-8BB1-8FD1035E8139}"
EndProject
Project("{FAE04EC0-301F-11D3-BF4B-00C04F79EFBC}") = "RebusVsNServiceBusVsMassTransit.NServiceBus.Tests", "RebusVsNServiceBusVsMassTransit.NServiceBus.Tests\RebusVsNServiceBusVsMassTransit.NServiceBus.Tests.csproj", "{F899FC00-DD76-4DEE-9941-FD1E3A93DBB4}"
EndProject
Project("{FAE04EC0-301F-11D3-BF4B-00C04F79EFBC}") = "RebusVsNServiceBusVsMassTransit.Rebus.Tests", "RebusVsNServiceBusVsMassTransit.Rebus.Tests\RebusVsNServiceBusVsMassTransit.Rebus.Tests.csproj", "{F7971A18-FC97-4BFE-B8BF-85FEB1847F96}"
EndProject
Global
	GlobalSection(SolutionConfigurationPlatforms) = preSolution
		Debug|Any CPU = Debug|Any CPU
		Release|Any CPU = Release|Any CPU
	EndGlobalSection
	GlobalSection(ProjectConfigurationPlatforms) = postSolution
		{CF289DCA-379F-48CA-A55E-FCF7A0FA465C}.Debug|Any CPU.ActiveCfg = Debug|Any CPU
		{CF289DCA-379F-48CA-A55E-FCF7A0FA465C}.Debug|Any CPU.Build.0 = Debug|Any CPU
		{CF289DCA-379F-48CA-A55E-FCF7A0FA465C}.Release|Any CPU.ActiveCfg = Release|Any CPU
		{CF289DCA-379F-48CA-A55E-FCF7A0FA465C}.Release|Any CPU.Build.0 = Release|Any CPU
		{0BAF0BA5-5B08-485F-80DD-4391EC3A0909}.Debug|Any CPU.ActiveCfg = Debug|Any CPU
		{0BAF0BA5-5B08-485F-80DD-4391EC3A0909}.Debug|Any CPU.Build.0 = Debug|Any CPU
		{0BAF0BA5-5B08-485F-80DD-4391EC3A0909}.Release|Any CPU.ActiveCfg = Release|Any CPU
		{0BAF0BA5-5B08-485F-80DD-4391EC3A0909}.Release|Any CPU.Build.0 = Release|Any CPU
		{6ECA6F65-1AFC-4E4A-8737-BC7627BC29DF}.Debug|Any CPU.ActiveCfg = Debug|Any CPU
		{6ECA6F65-1AFC-4E4A-8737-BC7627BC29DF}.Debug|Any CPU.Build.0 = Debug|Any CPU
		{6ECA6F65-1AFC-4E4A-8737-BC7627BC29DF}.Release|Any CPU.ActiveCfg = Release|Any CPU
		{6ECA6F65-1AFC-4E4A-8737-BC7627BC29DF}.Release|Any CPU.Build.0 = Release|Any CPU
		{04CB9A0E-A325-41AE-8164-FF601006C577}.Debug|Any CPU.ActiveCfg = Debug|Any CPU
		{04CB9A0E-A325-41AE-8164-FF601006C577}.Debug|Any CPU.Build.0 = Debug|Any CPU
		{04CB9A0E-A325-41AE-8164-FF601006C577}.Release|Any CPU.ActiveCfg = Release|Any CPU
		{04CB9A0E-A325-41AE-8164-FF601006C577}.Release|Any CPU.Build.0 = Release|Any CPU
		{79FA7C57-F3D0-4B31-AC9F-9EC8DB746C42}.Debug|Any CPU.ActiveCfg = Debug|Any CPU
		{79FA7C57-F3D0-4B31-AC9F-9EC8DB746C42}.Debug|Any CPU.Build.0 = Debug|Any CPU
		{79FA7C57-F3D0-4B31-AC9F-9EC8DB746C42}.Release|Any CPU.ActiveCfg = Release|Any CPU
		{79FA7C57-F3D0-4B31-AC9F-9EC8DB746C42}.Release|Any CPU.Build.0 = Release|Any CPU
		{F899FC00-DD76-4DEE-9941-FD1E3A93DBB4}.Debug|Any CPU.ActiveCfg = Debug|Any CPU
		{F899FC00-DD76-4DEE-9941-FD1E3A93DBB4}.Debug|Any CPU.Build.0 = Debug|Any CPU
		{F899FC00-DD76-4DEE-9941-FD1E3A93DBB4}.Release|Any CPU.ActiveCfg = Release|Any CPU
		{F899FC00-DD76-4DEE-9941-FD1E3A93DBB4}.Release|Any CPU.Build.0 = Release|Any CPU
		{F7971A18-FC97-4BFE-B8BF-85FEB1847F96}.Debug|Any CPU.ActiveCfg = Debug|Any CPU
		{F7971A18-FC97-4BFE-B8BF-85FEB1847F96}.Debug|Any CPU.Build.0 = Debug|Any CPU
		{F7971A18-FC97-4BFE-B8BF-85FEB1847F96}.Release|Any CPU.ActiveCfg = Release|Any CPU
		{F7971A18-FC97-4BFE-B8BF-85FEB1847F96}.Release|Any CPU.Build.0 = Release|Any CPU
	EndGlobalSection
	GlobalSection(NestedProjects) = preSolution
		{79FA7C57-F3D0-4B31-AC9F-9EC8DB746C42} = {4864B944-AD4E-4E9C-ABFF-69C927723189}
		{CF289DCA-379F-48CA-A55E-FCF7A0FA465C} = {7CEEFDB6-345F-46DF-8BB1-8FD1035E8139}
		{04CB9A0E-A325-41AE-8164-FF601006C577} = {7CEEFDB6-345F-46DF-8BB1-8FD1035E8139}
		{0BAF0BA5-5B08-485F-80DD-4391EC3A0909} = {7CEEFDB6-345F-46DF-8BB1-8FD1035E8139}
		{6ECA6F65-1AFC-4E4A-8737-BC7627BC29DF} = {7CEEFDB6-345F-46DF-8BB1-8FD1035E8139}
		{F899FC00-DD76-4DEE-9941-FD1E3A93DBB4} = {4864B944-AD4E-4E9C-ABFF-69C927723189}
		{F7971A18-FC97-4BFE-B8BF-85FEB1847F96} = {4864B944-AD4E-4E9C-ABFF-69C927723189}
	EndGlobalSection
EndGlobal
