
Microsoft Visual Studio Solution File, Format Version 12.00
Project("{FAE04EC0-301F-11D3-BF4B-00C04F79EFBC}") = "RebusVsNServiceBusVsMassTransit.Domain", "RebusVsNServiceBusVsMassTransit.Domain\RebusVsNServiceBusVsMassTransit.Domain.csproj", "{CF289DCA-379F-48CA-A55E-FCF7A0FA465C}"
EndProject
Project("{FAE04EC0-301F-11D3-BF4B-00C04F79EFBC}") = "RebusVsNServiceBusVsMassTransit.Rebus", "RebusVsNServiceBusVsMassTransit.Rebus\RebusVsNServiceBusVsMassTransit.Rebus.csproj", "{0BAF0BA5-5B08-485F-80DD-4391EC3A0909}"
EndProject
Project("{FAE04EC0-301F-11D3-BF4B-00C04F79EFBC}") = "RebusVsNServiceBusVsMassTransit.NServiceBus", "RebusVsNServiceBusVsMassTransit.NServiceBus\RebusVsNServiceBusVsMassTransit.NServiceBus.csproj", "{6ECA6F65-1AFC-4E4A-8737-BC7627BC29DF}"
EndProject
Project("{FAE04EC0-301F-11D3-BF4B-00C04F79EFBC}") = "RebusVsNServiceBusVsMassTransit.MassTransit", "RebusVsNServiceBusVsMassTransit.MassTransit\RebusVsNServiceBusVsMassTransit.MassTransit.csproj", "{04CB9A0E-A325-41AE-8164-FF601006C577}"
EndProject
Global
	GlobalSection(SolutionConfigurationPlatforms) = preSolution
		Debug|Any CPU = Debug|Any CPU
		Release|Any CPU = Release|Any CPU
	EndGlobalSection
	GlobalSection(ProjectConfigurationPlatforms) = postSolution
		{CF289DCA-379F-48CA-A55E-FCF7A0FA465C}.Debug|Any CPU.ActiveCfg = Debug|Any CPU
		{CF289DCA-379F-48CA-A55E-FCF7A0FA465C}.Debug|Any CPU.Build.0 = Debug|Any CPU
		{CF289DCA-379F-48CA-A55E-FCF7A0FA465C}.Release|Any CPU.ActiveCfg = Release|Any CPU
		{CF289DCA-379F-48CA-A55E-FCF7A0FA465C}.Release|Any CPU.Build.0 = Release|Any CPU
		{0BAF0BA5-5B08-485F-80DD-4391EC3A0909}.Debug|Any CPU.ActiveCfg = Debug|Any CPU
		{0BAF0BA5-5B08-485F-80DD-4391EC3A0909}.Debug|Any CPU.Build.0 = Debug|Any CPU
		{0BAF0BA5-5B08-485F-80DD-4391EC3A0909}.Release|Any CPU.ActiveCfg = Release|Any CPU
		{0BAF0BA5-5B08-485F-80DD-4391EC3A0909}.Release|Any CPU.Build.0 = Release|Any CPU
		{6ECA6F65-1AFC-4E4A-8737-BC7627BC29DF}.Debug|Any CPU.ActiveCfg = Debug|Any CPU
		{6ECA6F65-1AFC-4E4A-8737-BC7627BC29DF}.Debug|Any CPU.Build.0 = Debug|Any CPU
		{6ECA6F65-1AFC-4E4A-8737-BC7627BC29DF}.Release|Any CPU.ActiveCfg = Release|Any CPU
		{6ECA6F65-1AFC-4E4A-8737-BC7627BC29DF}.Release|Any CPU.Build.0 = Release|Any CPU
		{04CB9A0E-A325-41AE-8164-FF601006C577}.Debug|Any CPU.ActiveCfg = Debug|Any CPU
		{04CB9A0E-A325-41AE-8164-FF601006C577}.Debug|Any CPU.Build.0 = Debug|Any CPU
		{04CB9A0E-A325-41AE-8164-FF601006C577}.Release|Any CPU.ActiveCfg = Release|Any CPU
		{04CB9A0E-A325-41AE-8164-FF601006C577}.Release|Any CPU.Build.0 = Release|Any CPU
	EndGlobalSection
EndGlobal
