
Microsoft Visual Studio Solution File, Format Version 12.00
# Visual Studio Version 17
VisualStudioVersion = 17.7.34009.444
MinimumVisualStudioVersion = 10.0.40219.1
Project("{FAE04EC0-301F-11D3-BF4B-00C04F79EFBC}") = "StopWatchCSharp", "StopWatchCSharp\StopWatchCSharp.csproj", "{1751126D-A670-4564-8549-44E5DA4B7768}"
EndProject
Project("{FAE04EC0-301F-11D3-BF4B-00C04F79EFBC}") = "StopWatchCSharpTests", "StopWatchCSharpTests\StopWatchCSharpTests.csproj", "{6D000D61-BA89-433E-8ACF-C94A1D1A14B4}"
EndProject
Global
	GlobalSection(SolutionConfigurationPlatforms) = preSolution
		Debug|Any CPU = Debug|Any CPU
		Release|Any CPU = Release|Any CPU
	EndGlobalSection
	GlobalSection(ProjectConfigurationPlatforms) = postSolution
		{1751126D-A670-4564-8549-44E5DA4B7768}.Debug|Any CPU.ActiveCfg = Debug|Any CPU
		{1751126D-A670-4564-8549-44E5DA4B7768}.Debug|Any CPU.Build.0 = Debug|Any CPU
		{1751126D-A670-4564-8549-44E5DA4B7768}.Release|Any CPU.ActiveCfg = Release|Any CPU
		{1751126D-A670-4564-8549-44E5DA4B7768}.Release|Any CPU.Build.0 = Release|Any CPU
		{6D000D61-BA89-433E-8ACF-C94A1D1A14B4}.Debug|Any CPU.ActiveCfg = Debug|Any CPU
		{6D000D61-BA89-433E-8ACF-C94A1D1A14B4}.Debug|Any CPU.Build.0 = Debug|Any CPU
		{6D000D61-BA89-433E-8ACF-C94A1D1A14B4}.Release|Any CPU.ActiveCfg = Release|Any CPU
		{6D000D61-BA89-433E-8ACF-C94A1D1A14B4}.Release|Any CPU.Build.0 = Release|Any CPU
	EndGlobalSection
	GlobalSection(SolutionProperties) = preSolution
		HideSolutionNode = FALSE
	EndGlobalSection
	GlobalSection(ExtensibilityGlobals) = postSolution
		SolutionGuid = {B2C07D02-0EFC-4680-9889-3A53F8A4B292}
	EndGlobalSection
EndGlobal
