
Microsoft Visual Studio Solution File, Format Version 12.00
# Visual Studio Version 17
VisualStudioVersion = 17.5.002.0
MinimumVisualStudioVersion = 10.0.40219.1
Project("{9A19103F-16F7-4668-BE54-9A1E7A4F7556}") = "Print2DArray", "Print2DArray\Print2DArray.csproj", "{8A530E81-16F8-4F24-8BB3-D8C513BA100B}"
EndProject
Project("{9A19103F-16F7-4668-BE54-9A1E7A4F7556}") = "Tests", "Tests\Tests.csproj", "{20C45530-0FFF-4A74-9E6B-CEC1624CF14A}"
EndProject
Global
	GlobalSection(SolutionConfigurationPlatforms) = preSolution
		Debug|Any CPU = Debug|Any CPU
		Release|Any CPU = Release|Any CPU
	EndGlobalSection
	GlobalSection(ProjectConfigurationPlatforms) = postSolution
		{8A530E81-16F8-4F24-8BB3-D8C513BA100B}.Debug|Any CPU.ActiveCfg = Debug|Any CPU
		{8A530E81-16F8-4F24-8BB3-D8C513BA100B}.Debug|Any CPU.Build.0 = Debug|Any CPU
		{8A530E81-16F8-4F24-8BB3-D8C513BA100B}.Release|Any CPU.ActiveCfg = Release|Any CPU
		{8A530E81-16F8-4F24-8BB3-D8C513BA100B}.Release|Any CPU.Build.0 = Release|Any CPU
		{20C45530-0FFF-4A74-9E6B-CEC1624CF14A}.Debug|Any CPU.ActiveCfg = Debug|Any CPU
		{20C45530-0FFF-4A74-9E6B-CEC1624CF14A}.Debug|Any CPU.Build.0 = Debug|Any CPU
		{20C45530-0FFF-4A74-9E6B-CEC1624CF14A}.Release|Any CPU.ActiveCfg = Release|Any CPU
		{20C45530-0FFF-4A74-9E6B-CEC1624CF14A}.Release|Any CPU.Build.0 = Release|Any CPU
	EndGlobalSection
	GlobalSection(SolutionProperties) = preSolution
		HideSolutionNode = FALSE
	EndGlobalSection
	GlobalSection(ExtensibilityGlobals) = postSolution
		SolutionGuid = {B143E4A1-BB91-4CFB-9220-F7A0B72F7D44}
	EndGlobalSection
EndGlobal
