
Microsoft Visual Studio Solution File, Format Version 12.00
# Visual Studio Version 17
VisualStudioVersion = 17.9.34407.89
MinimumVisualStudioVersion = 10.0.40219.1
Project("{9A19103F-16F7-4668-BE54-9A1E7A4F7556}") = "Tests", "Tests\Tests.csproj", "{DCF2A982-7BEE-454A-814F-2578E3FB7142}"
EndProject
Project("{FAE04EC0-301F-11D3-BF4B-00C04F79EFBC}") = "ActionAndFuncDelegates", "ActionAndFuncDelegates\ActionAndFuncDelegates.csproj", "{7A528EFA-0648-4171-9C59-AF9BC430E75F}"
EndProject
Global
	GlobalSection(SolutionConfigurationPlatforms) = preSolution
		Debug|Any CPU = Debug|Any CPU
		Release|Any CPU = Release|Any CPU
	EndGlobalSection
	GlobalSection(ProjectConfigurationPlatforms) = postSolution
		{DCF2A982-7BEE-454A-814F-2578E3FB7142}.Debug|Any CPU.ActiveCfg = Debug|Any CPU
		{DCF2A982-7BEE-454A-814F-2578E3FB7142}.Debug|Any CPU.Build.0 = Debug|Any CPU
		{DCF2A982-7BEE-454A-814F-2578E3FB7142}.Release|Any CPU.ActiveCfg = Release|Any CPU
		{DCF2A982-7BEE-454A-814F-2578E3FB7142}.Release|Any CPU.Build.0 = Release|Any CPU
		{7A528EFA-0648-4171-9C59-AF9BC430E75F}.Debug|Any CPU.ActiveCfg = Debug|Any CPU
		{7A528EFA-0648-4171-9C59-AF9BC430E75F}.Debug|Any CPU.Build.0 = Debug|Any CPU
		{7A528EFA-0648-4171-9C59-AF9BC430E75F}.Release|Any CPU.ActiveCfg = Release|Any CPU
		{7A528EFA-0648-4171-9C59-AF9BC430E75F}.Release|Any CPU.Build.0 = Release|Any CPU
	EndGlobalSection
	GlobalSection(SolutionProperties) = preSolution
		HideSolutionNode = FALSE
	EndGlobalSection
	GlobalSection(ExtensibilityGlobals) = postSolution
		SolutionGuid = {BC6A5A86-C34D-462F-89DB-5E2D4BB82927}
	EndGlobalSection
EndGlobal
