
Microsoft Visual Studio Solution File, Format Version 12.00
# Visual Studio Version 17
VisualStudioVersion = 17.1.32328.378
MinimumVisualStudioVersion = 10.0.40219.1
Project("{FAE04EC0-301F-11D3-BF4B-00C04F79EFBC}") = "TypeCheckingAndCastingInCSharp", "TypeCheckingAndCastingInCSharp\TypeCheckingAndCastingInCSharp.csproj", "{0EFBFC9E-AB70-45A9-B53F-58DF5B232580}"
EndProject
Project("{FAE04EC0-301F-11D3-BF4B-00C04F79EFBC}") = "TypeCheckingAndCastingInCSharp.Tests", "TypeCheckingAndCastingInCSharp.Tests\TypeCheckingAndCastingInCSharp.Tests.csproj", "{DE53F191-DF94-4737-9BCD-E2347F161F2F}"
EndProject
Global
	GlobalSection(SolutionConfigurationPlatforms) = preSolution
		Debug|Any CPU = Debug|Any CPU
		Release|Any CPU = Release|Any CPU
	EndGlobalSection
	GlobalSection(ProjectConfigurationPlatforms) = postSolution
		{0EFBFC9E-AB70-45A9-B53F-58DF5B232580}.Debug|Any CPU.ActiveCfg = Debug|Any CPU
		{0EFBFC9E-AB70-45A9-B53F-58DF5B232580}.Debug|Any CPU.Build.0 = Debug|Any CPU
		{0EFBFC9E-AB70-45A9-B53F-58DF5B232580}.Release|Any CPU.ActiveCfg = Release|Any CPU
		{0EFBFC9E-AB70-45A9-B53F-58DF5B232580}.Release|Any CPU.Build.0 = Release|Any CPU
		{DE53F191-DF94-4737-9BCD-E2347F161F2F}.Debug|Any CPU.ActiveCfg = Debug|Any CPU
		{DE53F191-DF94-4737-9BCD-E2347F161F2F}.Debug|Any CPU.Build.0 = Debug|Any CPU
		{DE53F191-DF94-4737-9BCD-E2347F161F2F}.Release|Any CPU.ActiveCfg = Release|Any CPU
		{DE53F191-DF94-4737-9BCD-E2347F161F2F}.Release|Any CPU.Build.0 = Release|Any CPU
	EndGlobalSection
	GlobalSection(SolutionProperties) = preSolution
		HideSolutionNode = FALSE
	EndGlobalSection
	GlobalSection(ExtensibilityGlobals) = postSolution
		SolutionGuid = {C6E7C448-322A-4FF2-B35A-4FBC91A61621}
	EndGlobalSection
EndGlobal
