
Microsoft Visual Studio Solution File, Format Version 12.00
# Visual Studio Version 16
VisualStudioVersion = 16.0.31112.23
MinimumVisualStudioVersion = 10.0.40219.1
Project("{FAE04EC0-301F-11D3-BF4B-00C04F79EFBC}") = "ActionAndFuncDelegates", "ActionAndFuncDelegates\ActionAndFuncDelegates.csproj", "{6F8A5E24-4E68-46B4-839B-F87F902E784C}"
EndProject
Project("{FAE04EC0-301F-11D3-BF4B-00C04F79EFBC}") = "Tests", "Tests\Tests.csproj", "{BCA0E24A-8396-4ABA-AC8F-DC82415DDD68}"
EndProject
Global
	GlobalSection(SolutionConfigurationPlatforms) = preSolution
		Debug|Any CPU = Debug|Any CPU
		Release|Any CPU = Release|Any CPU
	EndGlobalSection
	GlobalSection(ProjectConfigurationPlatforms) = postSolution
		{6F8A5E24-4E68-46B4-839B-F87F902E784C}.Debug|Any CPU.ActiveCfg = Debug|Any CPU
		{6F8A5E24-4E68-46B4-839B-F87F902E784C}.Debug|Any CPU.Build.0 = Debug|Any CPU
		{6F8A5E24-4E68-46B4-839B-F87F902E784C}.Release|Any CPU.ActiveCfg = Release|Any CPU
		{6F8A5E24-4E68-46B4-839B-F87F902E784C}.Release|Any CPU.Build.0 = Release|Any CPU
		{BCA0E24A-8396-4ABA-AC8F-DC82415DDD68}.Debug|Any CPU.ActiveCfg = Debug|Any CPU
		{BCA0E24A-8396-4ABA-AC8F-DC82415DDD68}.Debug|Any CPU.Build.0 = Debug|Any CPU
		{BCA0E24A-8396-4ABA-AC8F-DC82415DDD68}.Release|Any CPU.ActiveCfg = Release|Any CPU
		{BCA0E24A-8396-4ABA-AC8F-DC82415DDD68}.Release|Any CPU.Build.0 = Release|Any CPU
	EndGlobalSection
	GlobalSection(SolutionProperties) = preSolution
		HideSolutionNode = FALSE
	EndGlobalSection
	GlobalSection(ExtensibilityGlobals) = postSolution
		SolutionGuid = {62CD5B59-F0AA-4157-8174-5A462DE9E2D1}
	EndGlobalSection
EndGlobal
