
Microsoft Visual Studio Solution File, Format Version 12.00
# Visual Studio Version 17
VisualStudioVersion = 17.8.34309.116
MinimumVisualStudioVersion = 10.0.40219.1
Project("{FAE04EC0-301F-11D3-BF4B-00C04F79EFBC}") = "AccessTokenFromHttpContext", "..\AccessTokenFromHttpContext\AccessTokenFromHttpContext\AccessTokenFromHttpContext.csproj", "{B747A2D1-9E30-48DB-ABE5-D2D61CC8A90B}"
EndProject
Project("{FAE04EC0-301F-11D3-BF4B-00C04F79EFBC}") = "AccessTokenFromHttpContextTests", "..\AccessTokenFromHttpContext\AccessTokenFromHttpContextTests\AccessTokenFromHttpContextTests.csproj", "{6DD603BD-6FAB-48D0-BA85-EA7E1A434450}"
EndProject
Global
	GlobalSection(SolutionConfigurationPlatforms) = preSolution
		Debug|Any CPU = Debug|Any CPU
		Release|Any CPU = Release|Any CPU
	EndGlobalSection
	GlobalSection(ProjectConfigurationPlatforms) = postSolution
		{B747A2D1-9E30-48DB-ABE5-D2D61CC8A90B}.Debug|Any CPU.ActiveCfg = Debug|Any CPU
		{B747A2D1-9E30-48DB-ABE5-D2D61CC8A90B}.Debug|Any CPU.Build.0 = Debug|Any CPU
		{B747A2D1-9E30-48DB-ABE5-D2D61CC8A90B}.Release|Any CPU.ActiveCfg = Release|Any CPU
		{B747A2D1-9E30-48DB-ABE5-D2D61CC8A90B}.Release|Any CPU.Build.0 = Release|Any CPU
		{6DD603BD-6FAB-48D0-BA85-EA7E1A434450}.Debug|Any CPU.ActiveCfg = Debug|Any CPU
		{6DD603BD-6FAB-48D0-BA85-EA7E1A434450}.Debug|Any CPU.Build.0 = Debug|Any CPU
		{6DD603BD-6FAB-48D0-BA85-EA7E1A434450}.Release|Any CPU.ActiveCfg = Release|Any CPU
		{6DD603BD-6FAB-48D0-BA85-EA7E1A434450}.Release|Any CPU.Build.0 = Release|Any CPU
	EndGlobalSection
	GlobalSection(SolutionProperties) = preSolution
		HideSolutionNode = FALSE
	EndGlobalSection
	GlobalSection(ExtensibilityGlobals) = postSolution
		SolutionGuid = {A3E0F4F1-C793-420B-89C0-6122D3CC9542}
	EndGlobalSection
EndGlobal
