
Microsoft Visual Studio Solution File, Format Version 12.00
# Visual Studio Version 17
VisualStudioVersion = 17.9.34321.82
MinimumVisualStudioVersion = 10.0.40219.1
Project("{FAE04EC0-301F-11D3-BF4B-00C04F79EFBC}") = "ActionFuncDelegates", "ActionFuncDelegates.csproj", "{A8D7ED20-B8C2-44F2-90F9-4CD7705E3CF9}"
EndProject
Global
	GlobalSection(SolutionConfigurationPlatforms) = preSolution
		Debug|Any CPU = Debug|Any CPU
		Release|Any CPU = Release|Any CPU
	EndGlobalSection
	GlobalSection(ProjectConfigurationPlatforms) = postSolution
		{A8D7ED20-B8C2-44F2-90F9-4CD7705E3CF9}.Debug|Any CPU.ActiveCfg = Debug|Any CPU
		{A8D7ED20-B8C2-44F2-90F9-4CD7705E3CF9}.Debug|Any CPU.Build.0 = Debug|Any CPU
		{A8D7ED20-B8C2-44F2-90F9-4CD7705E3CF9}.Release|Any CPU.ActiveCfg = Release|Any CPU
		{A8D7ED20-B8C2-44F2-90F9-4CD7705E3CF9}.Release|Any CPU.Build.0 = Release|Any CPU
	EndGlobalSection
	GlobalSection(SolutionProperties) = preSolution
		HideSolutionNode = FALSE
	EndGlobalSection
	GlobalSection(ExtensibilityGlobals) = postSolution
		SolutionGuid = {AAF597E3-29DC-42A8-9804-B3B2BB578276}
	EndGlobalSection
EndGlobal
