
Microsoft Visual Studio Solution File, Format Version 12.00
# Visual Studio Version 17
VisualStudioVersion = 17.0.31919.166
MinimumVisualStudioVersion = 10.0.40219.1
Project("{9A19103F-16F7-4668-BE54-9A1E7A4F7556}") = "TopLevelStatementsInCSharp", "TopLevelStatementsInCSharp\TopLevelStatementsInCSharp.csproj", "{CA3E63F9-D605-48B4-A2FF-B06F60B49CCE}"
EndProject
Project("{FAE04EC0-301F-11D3-BF4B-00C04F79EFBC}") = "TopLevelStatementsInCSharp.Test", "TopLevelStatementsInCSharp.Test\TopLevelStatementsInCSharp.Test.csproj", "{057EE15D-21E9-44A1-B4EC-E3A438A06848}"
EndProject
Global
	GlobalSection(SolutionConfigurationPlatforms) = preSolution
		Debug|Any CPU = Debug|Any CPU
		Release|Any CPU = Release|Any CPU
	EndGlobalSection
	GlobalSection(ProjectConfigurationPlatforms) = postSolution
		{CA3E63F9-D605-48B4-A2FF-B06F60B49CCE}.Debug|Any CPU.ActiveCfg = Debug|Any CPU
		{CA3E63F9-D605-48B4-A2FF-B06F60B49CCE}.Debug|Any CPU.Build.0 = Debug|Any CPU
		{CA3E63F9-D605-48B4-A2FF-B06F60B49CCE}.Release|Any CPU.ActiveCfg = Release|Any CPU
		{CA3E63F9-D605-48B4-A2FF-B06F60B49CCE}.Release|Any CPU.Build.0 = Release|Any CPU
		{057EE15D-21E9-44A1-B4EC-E3A438A06848}.Debug|Any CPU.ActiveCfg = Debug|Any CPU
		{057EE15D-21E9-44A1-B4EC-E3A438A06848}.Debug|Any CPU.Build.0 = Debug|Any CPU
		{057EE15D-21E9-44A1-B4EC-E3A438A06848}.Release|Any CPU.ActiveCfg = Release|Any CPU
		{057EE15D-21E9-44A1-B4EC-E3A438A06848}.Release|Any CPU.Build.0 = Release|Any CPU
	EndGlobalSection
	GlobalSection(SolutionProperties) = preSolution
		HideSolutionNode = FALSE
	EndGlobalSection
	GlobalSection(ExtensibilityGlobals) = postSolution
		SolutionGuid = {76492B91-0F88-4610-8A5D-9081039F4E0F}
	EndGlobalSection
EndGlobal
