
Microsoft Visual Studio Solution File, Format Version 12.00
# Visual Studio Version 17
VisualStudioVersion = 17.0.31710.8
MinimumVisualStudioVersion = 10.0.40219.1
Project("{9A19103F-16F7-4668-BE54-9A1E7A4F7556}") = "JsonToXmlBackAndForth", "JsonToXmlBackAndForth\JsonToXmlBackAndForth.csproj", "{E50AD13A-2CEA-474D-92B8-288A44C9CB9F}"
EndProject
Project("{9A19103F-16F7-4668-BE54-9A1E7A4F7556}") = "JsonToXmlBackAndForth.Tests", "JsonToXmlBackAndForth.Tests\JsonToXmlBackAndForth.Tests.csproj", "{E32FF93C-D742-4873-9002-B8D861EA61B2}"
EndProject
Project("{9A19103F-16F7-4668-BE54-9A1E7A4F7556}") = "JsonToXmlBackAndForth.Benchmark", "JsonToXmlBackAndForth.Benchmark\JsonToXmlBackAndForth.Benchmark.csproj", "{48B3A5D2-76EE-46EC-A637-FF2C3630336C}"
EndProject
Global
	GlobalSection(SolutionConfigurationPlatforms) = preSolution
		Debug|Any CPU = Debug|Any CPU
		Release|Any CPU = Release|Any CPU
	EndGlobalSection
	GlobalSection(ProjectConfigurationPlatforms) = postSolution
		{E50AD13A-2CEA-474D-92B8-288A44C9CB9F}.Debug|Any CPU.ActiveCfg = Debug|Any CPU
		{E50AD13A-2CEA-474D-92B8-288A44C9CB9F}.Debug|Any CPU.Build.0 = Debug|Any CPU
		{E50AD13A-2CEA-474D-92B8-288A44C9CB9F}.Release|Any CPU.ActiveCfg = Release|Any CPU
		{E50AD13A-2CEA-474D-92B8-288A44C9CB9F}.Release|Any CPU.Build.0 = Release|Any CPU
		{E32FF93C-D742-4873-9002-B8D861EA61B2}.Debug|Any CPU.ActiveCfg = Debug|Any CPU
		{E32FF93C-D742-4873-9002-B8D861EA61B2}.Debug|Any CPU.Build.0 = Debug|Any CPU
		{E32FF93C-D742-4873-9002-B8D861EA61B2}.Release|Any CPU.ActiveCfg = Release|Any CPU
		{E32FF93C-D742-4873-9002-B8D861EA61B2}.Release|Any CPU.Build.0 = Release|Any CPU
		{48B3A5D2-76EE-46EC-A637-FF2C3630336C}.Debug|Any CPU.ActiveCfg = Debug|Any CPU
		{48B3A5D2-76EE-46EC-A637-FF2C3630336C}.Debug|Any CPU.Build.0 = Debug|Any CPU
		{48B3A5D2-76EE-46EC-A637-FF2C3630336C}.Release|Any CPU.ActiveCfg = Release|Any CPU
		{48B3A5D2-76EE-46EC-A637-FF2C3630336C}.Release|Any CPU.Build.0 = Release|Any CPU
	EndGlobalSection
	GlobalSection(SolutionProperties) = preSolution
		HideSolutionNode = FALSE
	EndGlobalSection
	GlobalSection(ExtensibilityGlobals) = postSolution
		SolutionGuid = {99A284F3-F7AC-43DD-A330-3AE9BFA3120E}
	EndGlobalSection
EndGlobal
