
Microsoft Visual Studio Solution File, Format Version 12.00
# Visual Studio Version 17
VisualStudioVersion = 17.0.31710.8
MinimumVisualStudioVersion = 10.0.40219.1
Project("{9A19103F-16F7-4668-BE54-9A1E7A4F7556}") = "ConvertDateTimeToIso8601String", "ConvertDateTimeToIso8601String\ConvertDateTimeToIso8601String.csproj", "{7E2CE4C6-F14B-4555-850C-D5F3FDE6BDF5}"
EndProject
Project("{9A19103F-16F7-4668-BE54-9A1E7A4F7556}") = "ConvertDateTimeToIso8601StringTests", "ConvertDateTimeToIso8601StringTests\ConvertDateTimeToIso8601StringTests.csproj", "{03E0B232-D1D1-432B-B00C-DD26FAEDCB1D}"
EndProject
Global
	GlobalSection(SolutionConfigurationPlatforms) = preSolution
		Debug|Any CPU = Debug|Any CPU
		Release|Any CPU = Release|Any CPU
	EndGlobalSection
	GlobalSection(ProjectConfigurationPlatforms) = postSolution
		{7E2CE4C6-F14B-4555-850C-D5F3FDE6BDF5}.Debug|Any CPU.ActiveCfg = Debug|Any CPU
		{7E2CE4C6-F14B-4555-850C-D5F3FDE6BDF5}.Debug|Any CPU.Build.0 = Debug|Any CPU
		{7E2CE4C6-F14B-4555-850C-D5F3FDE6BDF5}.Release|Any CPU.ActiveCfg = Release|Any CPU
		{7E2CE4C6-F14B-4555-850C-D5F3FDE6BDF5}.Release|Any CPU.Build.0 = Release|Any CPU
		{03E0B232-D1D1-432B-B00C-DD26FAEDCB1D}.Debug|Any CPU.ActiveCfg = Debug|Any CPU
		{03E0B232-D1D1-432B-B00C-DD26FAEDCB1D}.Debug|Any CPU.Build.0 = Debug|Any CPU
		{03E0B232-D1D1-432B-B00C-DD26FAEDCB1D}.Release|Any CPU.ActiveCfg = Release|Any CPU
		{03E0B232-D1D1-432B-B00C-DD26FAEDCB1D}.Release|Any CPU.Build.0 = Release|Any CPU
	EndGlobalSection
	GlobalSection(SolutionProperties) = preSolution
		HideSolutionNode = FALSE
	EndGlobalSection
	GlobalSection(ExtensibilityGlobals) = postSolution
		SolutionGuid = {99A284F3-F7AC-43DD-A330-3AE9BFA3120E}
	EndGlobalSection
EndGlobal
