
Microsoft Visual Studio Solution File, Format Version 12.00
# Visual Studio Version 16
VisualStudioVersion = 16.0.32002.261
MinimumVisualStudioVersion = 10.0.40219.1
Project("{9A19103F-16F7-4668-BE54-9A1E7A4F7556}") = "ActionFuncDelegates", "ActionFuncDelegates.csproj", "{34BA34C4-24F8-4744-8708-00EF427F05E5}"
EndProject
Project("{FAE04EC0-301F-11D3-BF4B-00C04F79EFBC}") = "ActionFuncDelegatesTest", "..\ActionFuncDelegatesTest\ActionFuncDelegatesTest.csproj", "{470A989A-4E38-4E52-BDD5-EF59AABB1ADE}"
EndProject
Global
	GlobalSection(SolutionConfigurationPlatforms) = preSolution
		Debug|Any CPU = Debug|Any CPU
		Release|Any CPU = Release|Any CPU
	EndGlobalSection
	GlobalSection(ProjectConfigurationPlatforms) = postSolution
		{34BA34C4-24F8-4744-8708-00EF427F05E5}.Debug|Any CPU.ActiveCfg = Debug|Any CPU
		{34BA34C4-24F8-4744-8708-00EF427F05E5}.Debug|Any CPU.Build.0 = Debug|Any CPU
		{34BA34C4-24F8-4744-8708-00EF427F05E5}.Release|Any CPU.ActiveCfg = Release|Any CPU
		{34BA34C4-24F8-4744-8708-00EF427F05E5}.Release|Any CPU.Build.0 = Release|Any CPU
		{470A989A-4E38-4E52-BDD5-EF59AABB1ADE}.Debug|Any CPU.ActiveCfg = Debug|Any CPU
		{470A989A-4E38-4E52-BDD5-EF59AABB1ADE}.Debug|Any CPU.Build.0 = Debug|Any CPU
		{470A989A-4E38-4E52-BDD5-EF59AABB1ADE}.Release|Any CPU.ActiveCfg = Release|Any CPU
		{470A989A-4E38-4E52-BDD5-EF59AABB1ADE}.Release|Any CPU.Build.0 = Release|Any CPU
	EndGlobalSection
	GlobalSection(SolutionProperties) = preSolution
		HideSolutionNode = FALSE
	EndGlobalSection
	GlobalSection(ExtensibilityGlobals) = postSolution
		SolutionGuid = {B551B288-2B49-44FD-9CCA-33334B17492D}
	EndGlobalSection
EndGlobal
