
Microsoft Visual Studio Solution File, Format Version 12.00
# Visual Studio Version 17
VisualStudioVersion = 17.4.33110.190
MinimumVisualStudioVersion = 10.0.40219.1
Project("{9A19103F-16F7-4668-BE54-9A1E7A4F7556}") = "AggregateDesign", "AggregateDesign\AggregateDesign.csproj", "{38B0CE87-E1B9-4280-BE77-91853D104CE9}"
EndProject
Project("{FAE04EC0-301F-11D3-BF4B-00C04F79EFBC}") = "Test", "Test\Test.csproj", "{CCCE3132-ACA0-4261-9742-1E0F847B906B}"
EndProject
Global
	GlobalSection(SolutionConfigurationPlatforms) = preSolution
		Debug|Any CPU = Debug|Any CPU
		Release|Any CPU = Release|Any CPU
	EndGlobalSection
	GlobalSection(ProjectConfigurationPlatforms) = postSolution
		{38B0CE87-E1B9-4280-BE77-91853D104CE9}.Debug|Any CPU.ActiveCfg = Debug|Any CPU
		{38B0CE87-E1B9-4280-BE77-91853D104CE9}.Debug|Any CPU.Build.0 = Debug|Any CPU
		{38B0CE87-E1B9-4280-BE77-91853D104CE9}.Release|Any CPU.ActiveCfg = Release|Any CPU
		{38B0CE87-E1B9-4280-BE77-91853D104CE9}.Release|Any CPU.Build.0 = Release|Any CPU
		{CCCE3132-ACA0-4261-9742-1E0F847B906B}.Debug|Any CPU.ActiveCfg = Debug|Any CPU
		{CCCE3132-ACA0-4261-9742-1E0F847B906B}.Debug|Any CPU.Build.0 = Debug|Any CPU
		{CCCE3132-ACA0-4261-9742-1E0F847B906B}.Release|Any CPU.ActiveCfg = Release|Any CPU
		{CCCE3132-ACA0-4261-9742-1E0F847B906B}.Release|Any CPU.Build.0 = Release|Any CPU
	EndGlobalSection
	GlobalSection(SolutionProperties) = preSolution
		HideSolutionNode = FALSE
	EndGlobalSection
	GlobalSection(ExtensibilityGlobals) = postSolution
		SolutionGuid = {70D1BE9F-4277-4D30-9B54-E24D8BB5F857}
	EndGlobalSection
EndGlobal
