
Microsoft Visual Studio Solution File, Format Version 12.00
# Visual Studio Version 16
VisualStudioVersion = 16.0.31424.327
MinimumVisualStudioVersion = 10.0.40219.1
Project("{9A19103F-16F7-4668-BE54-9A1E7A4F7556}") = "ActionAndFuncDelegateInCSharp", "ActionAndFuncDelegateInCSharp\ActionAndFuncDelegateInCSharp.csproj", "{364311A3-672D-4646-BB34-68A4A01CA0CC}"
EndProject
Project("{FAE04EC0-301F-11D3-BF4B-00C04F79EFBC}") = "ActionAndFuncDelegateCodeExample", "ActionAndFuncDelegateCodeExample\ActionAndFuncDelegateCodeExample.csproj", "{EC4DD658-80BC-48BE-B228-526C6D4DAC28}"
EndProject
Project("{FAE04EC0-301F-11D3-BF4B-00C04F79EFBC}") = "Tests", "Tests\Tests.csproj", "{164CB34D-8D7C-4D14-A3E3-338D9D8C8BA1}"
EndProject
Global
	GlobalSection(SolutionConfigurationPlatforms) = preSolution
		Debug|Any CPU = Debug|Any CPU
		Release|Any CPU = Release|Any CPU
	EndGlobalSection
	GlobalSection(ProjectConfigurationPlatforms) = postSolution
		{364311A3-672D-4646-BB34-68A4A01CA0CC}.Debug|Any CPU.ActiveCfg = Debug|Any CPU
		{364311A3-672D-4646-BB34-68A4A01CA0CC}.Debug|Any CPU.Build.0 = Debug|Any CPU
		{364311A3-672D-4646-BB34-68A4A01CA0CC}.Release|Any CPU.ActiveCfg = Release|Any CPU
		{364311A3-672D-4646-BB34-68A4A01CA0CC}.Release|Any CPU.Build.0 = Release|Any CPU
		{EC4DD658-80BC-48BE-B228-526C6D4DAC28}.Debug|Any CPU.ActiveCfg = Debug|Any CPU
		{EC4DD658-80BC-48BE-B228-526C6D4DAC28}.Debug|Any CPU.Build.0 = Debug|Any CPU
		{EC4DD658-80BC-48BE-B228-526C6D4DAC28}.Release|Any CPU.ActiveCfg = Release|Any CPU
		{EC4DD658-80BC-48BE-B228-526C6D4DAC28}.Release|Any CPU.Build.0 = Release|Any CPU
		{164CB34D-8D7C-4D14-A3E3-338D9D8C8BA1}.Debug|Any CPU.ActiveCfg = Debug|Any CPU
		{164CB34D-8D7C-4D14-A3E3-338D9D8C8BA1}.Debug|Any CPU.Build.0 = Debug|Any CPU
		{164CB34D-8D7C-4D14-A3E3-338D9D8C8BA1}.Release|Any CPU.ActiveCfg = Release|Any CPU
		{164CB34D-8D7C-4D14-A3E3-338D9D8C8BA1}.Release|Any CPU.Build.0 = Release|Any CPU
	EndGlobalSection
	GlobalSection(SolutionProperties) = preSolution
		HideSolutionNode = FALSE
	EndGlobalSection
	GlobalSection(ExtensibilityGlobals) = postSolution
		SolutionGuid = {8B0F375D-76FA-48A8-A112-B5A7A183695C}
	EndGlobalSection
EndGlobal
