
Microsoft Visual Studio Solution File, Format Version 12.00
# Visual Studio Version 17
VisualStudioVersion = 17.4.33205.214
MinimumVisualStudioVersion = 10.0.40219.1
Project("{9A19103F-16F7-4668-BE54-9A1E7A4F7556}") = "ActionAndFuncDelegates", "ActionAndFuncDelegates\ActionAndFuncDelegates.csproj", "{38D02F22-8A61-49C6-8750-53B42D252E48}"
EndProject
Project("{2150E333-8FDC-42A3-9474-1A3956D46DE8}") = "Tests", "Tests", "{304EEBD4-7481-4B92-9B94-DB8C6B39249B}"
EndProject
Project("{FAE04EC0-301F-11D3-BF4B-00C04F79EFBC}") = "ActionAndFuncDelegatesTests", "ActionAndFuncDelegatesTests\ActionAndFuncDelegatesTests.csproj", "{50E461F4-AEE9-4468-8675-75F3F05FEE44}"
EndProject
Global
	GlobalSection(SolutionConfigurationPlatforms) = preSolution
		Debug|Any CPU = Debug|Any CPU
		Release|Any CPU = Release|Any CPU
	EndGlobalSection
	GlobalSection(ProjectConfigurationPlatforms) = postSolution
		{38D02F22-8A61-49C6-8750-53B42D252E48}.Debug|Any CPU.ActiveCfg = Debug|Any CPU
		{38D02F22-8A61-49C6-8750-53B42D252E48}.Debug|Any CPU.Build.0 = Debug|Any CPU
		{38D02F22-8A61-49C6-8750-53B42D252E48}.Release|Any CPU.ActiveCfg = Release|Any CPU
		{38D02F22-8A61-49C6-8750-53B42D252E48}.Release|Any CPU.Build.0 = Release|Any CPU
		{50E461F4-AEE9-4468-8675-75F3F05FEE44}.Debug|Any CPU.ActiveCfg = Debug|Any CPU
		{50E461F4-AEE9-4468-8675-75F3F05FEE44}.Debug|Any CPU.Build.0 = Debug|Any CPU
		{50E461F4-AEE9-4468-8675-75F3F05FEE44}.Release|Any CPU.ActiveCfg = Release|Any CPU
		{50E461F4-AEE9-4468-8675-75F3F05FEE44}.Release|Any CPU.Build.0 = Release|Any CPU
	EndGlobalSection
	GlobalSection(SolutionProperties) = preSolution
		HideSolutionNode = FALSE
	EndGlobalSection
	GlobalSection(NestedProjects) = preSolution
		{50E461F4-AEE9-4468-8675-75F3F05FEE44} = {304EEBD4-7481-4B92-9B94-DB8C6B39249B}
	EndGlobalSection
	GlobalSection(ExtensibilityGlobals) = postSolution
		SolutionGuid = {D48602D5-1D4F-4F5A-951F-C19F6585B98D}
	EndGlobalSection
EndGlobal
