
Microsoft Visual Studio Solution File, Format Version 12.00
# Visual Studio Version 17
VisualStudioVersion = 17.8.34525.116
MinimumVisualStudioVersion = 10.0.40219.1
Project("{FAE04EC0-301F-11D3-BF4B-00C04F79EFBC}") = "AwaitInForEachLoop", "AwaitInForEachLoop.csproj", "{A92AEAD7-C2F0-4BC5-AFC3-F722F89F2ACD}"
EndProject
Project("{FAE04EC0-301F-11D3-BF4B-00C04F79EFBC}") = "Tests", "..\Tests\Tests.csproj", "{A3494AF2-C3E8-4060-9D91-FED10236B53D}"
EndProject
Global
	GlobalSection(SolutionConfigurationPlatforms) = preSolution
		Debug|Any CPU = Debug|Any CPU
		Release|Any CPU = Release|Any CPU
	EndGlobalSection
	GlobalSection(ProjectConfigurationPlatforms) = postSolution
		{A92AEAD7-C2F0-4BC5-AFC3-F722F89F2ACD}.Debug|Any CPU.ActiveCfg = Debug|Any CPU
		{A92AEAD7-C2F0-4BC5-AFC3-F722F89F2ACD}.Debug|Any CPU.Build.0 = Debug|Any CPU
		{A92AEAD7-C2F0-4BC5-AFC3-F722F89F2ACD}.Release|Any CPU.ActiveCfg = Release|Any CPU
		{A92AEAD7-C2F0-4BC5-AFC3-F722F89F2ACD}.Release|Any CPU.Build.0 = Release|Any CPU
		{A3494AF2-C3E8-4060-9D91-FED10236B53D}.Debug|Any CPU.ActiveCfg = Debug|Any CPU
		{A3494AF2-C3E8-4060-9D91-FED10236B53D}.Debug|Any CPU.Build.0 = Debug|Any CPU
		{A3494AF2-C3E8-4060-9D91-FED10236B53D}.Release|Any CPU.ActiveCfg = Release|Any CPU
		{A3494AF2-C3E8-4060-9D91-FED10236B53D}.Release|Any CPU.Build.0 = Release|Any CPU
	EndGlobalSection
	GlobalSection(SolutionProperties) = preSolution
		HideSolutionNode = FALSE
	EndGlobalSection
	GlobalSection(ExtensibilityGlobals) = postSolution
		SolutionGuid = {1137D458-909F-4201-9107-48134E4BBA4C}
	EndGlobalSection
EndGlobal
