
Microsoft Visual Studio Solution File, Format Version 12.00
# Visual Studio Version 17
VisualStudioVersion = 17.1.32228.430
MinimumVisualStudioVersion = 10.0.40219.1
Project("{9A19103F-16F7-4668-BE54-9A1E7A4F7556}") = "RetryLogic", "RetryLogic\RetryLogic.csproj", "{05E5A610-35CF-40E2-82D4-62C0CA181A1F}"
EndProject
Project("{FAE04EC0-301F-11D3-BF4B-00C04F79EFBC}") = "Tests", "Tests\Tests.csproj", "{443C073C-8BF7-49A7-8487-05F3D78572A6}"
EndProject
Global
	GlobalSection(SolutionConfigurationPlatforms) = preSolution
		Debug|Any CPU = Debug|Any CPU
		Release|Any CPU = Release|Any CPU
	EndGlobalSection
	GlobalSection(ProjectConfigurationPlatforms) = postSolution
		{05E5A610-35CF-40E2-82D4-62C0CA181A1F}.Debug|Any CPU.ActiveCfg = Debug|Any CPU
		{05E5A610-35CF-40E2-82D4-62C0CA181A1F}.Debug|Any CPU.Build.0 = Debug|Any CPU
		{05E5A610-35CF-40E2-82D4-62C0CA181A1F}.Release|Any CPU.ActiveCfg = Release|Any CPU
		{05E5A610-35CF-40E2-82D4-62C0CA181A1F}.Release|Any CPU.Build.0 = Release|Any CPU
		{443C073C-8BF7-49A7-8487-05F3D78572A6}.Debug|Any CPU.ActiveCfg = Debug|Any CPU
		{443C073C-8BF7-49A7-8487-05F3D78572A6}.Debug|Any CPU.Build.0 = Debug|Any CPU
		{443C073C-8BF7-49A7-8487-05F3D78572A6}.Release|Any CPU.ActiveCfg = Release|Any CPU
		{443C073C-8BF7-49A7-8487-05F3D78572A6}.Release|Any CPU.Build.0 = Release|Any CPU
	EndGlobalSection
	GlobalSection(SolutionProperties) = preSolution
		HideSolutionNode = FALSE
	EndGlobalSection
	GlobalSection(ExtensibilityGlobals) = postSolution
		SolutionGuid = {7CFB927F-C8AD-410F-A7D4-53363F84548B}
	EndGlobalSection
EndGlobal
