
Microsoft Visual Studio Solution File, Format Version 12.00
# Visual Studio Version 17
VisualStudioVersion = 17.4.33122.133
MinimumVisualStudioVersion = 10.0.40219.1
Project("{9A19103F-16F7-4668-BE54-9A1E7A4F7556}") = "ConcurrentBagInCSharp", "ConcurrentBag\ConcurrentBagInCSharp.csproj", "{6369F02A-8EA9-413C-A503-58F5FB17441A}"
EndProject
Project("{FAE04EC0-301F-11D3-BF4B-00C04F79EFBC}") = "Tests", "Tests\Tests.csproj", "{DCF9899F-22ED-4260-B961-823E5F469784}"
EndProject
Global
	GlobalSection(SolutionConfigurationPlatforms) = preSolution
		Debug|Any CPU = Debug|Any CPU
		Release|Any CPU = Release|Any CPU
	EndGlobalSection
	GlobalSection(ProjectConfigurationPlatforms) = postSolution
		{6369F02A-8EA9-413C-A503-58F5FB17441A}.Debug|Any CPU.ActiveCfg = Debug|Any CPU
		{6369F02A-8EA9-413C-A503-58F5FB17441A}.Debug|Any CPU.Build.0 = Debug|Any CPU
		{6369F02A-8EA9-413C-A503-58F5FB17441A}.Release|Any CPU.ActiveCfg = Release|Any CPU
		{6369F02A-8EA9-413C-A503-58F5FB17441A}.Release|Any CPU.Build.0 = Release|Any CPU
		{DCF9899F-22ED-4260-B961-823E5F469784}.Debug|Any CPU.ActiveCfg = Debug|Any CPU
		{DCF9899F-22ED-4260-B961-823E5F469784}.Debug|Any CPU.Build.0 = Debug|Any CPU
		{DCF9899F-22ED-4260-B961-823E5F469784}.Release|Any CPU.ActiveCfg = Release|Any CPU
		{DCF9899F-22ED-4260-B961-823E5F469784}.Release|Any CPU.Build.0 = Release|Any CPU
	EndGlobalSection
	GlobalSection(SolutionProperties) = preSolution
		HideSolutionNode = FALSE
	EndGlobalSection
	GlobalSection(ExtensibilityGlobals) = postSolution
		SolutionGuid = {4AE6959F-8091-47BB-9166-6D9D52C9C5E7}
	EndGlobalSection
EndGlobal
