
Microsoft Visual Studio Solution File, Format Version 12.00
# Visual Studio Version 17
VisualStudioVersion = 17.6.33815.320
MinimumVisualStudioVersion = 10.0.40219.1
Project("{9A19103F-16F7-4668-BE54-9A1E7A4F7556}") = "ExceptionHandlingInCSharp", "ExceptionHandlingInCSharp\ExceptionHandlingInCSharp.csproj", "{4AF7CB2D-5CF1-429F-BF05-70CF0BBE7C6B}"
EndProject
Project("{FAE04EC0-301F-11D3-BF4B-00C04F79EFBC}") = "ExceptionHandlingInCSharp.Tests", "ExceptionHandlingInCSharp.Tests\ExceptionHandlingInCSharp.Tests.csproj", "{20C1CA01-4E3D-48C3-A988-BEAFBA371B26}"
EndProject
Global
	GlobalSection(SolutionConfigurationPlatforms) = preSolution
		Debug|Any CPU = Debug|Any CPU
		Release|Any CPU = Release|Any CPU
	EndGlobalSection
	GlobalSection(ProjectConfigurationPlatforms) = postSolution
		{4AF7CB2D-5CF1-429F-BF05-70CF0BBE7C6B}.Debug|Any CPU.ActiveCfg = Debug|Any CPU
		{4AF7CB2D-5CF1-429F-BF05-70CF0BBE7C6B}.Debug|Any CPU.Build.0 = Debug|Any CPU
		{4AF7CB2D-5CF1-429F-BF05-70CF0BBE7C6B}.Release|Any CPU.ActiveCfg = Release|Any CPU
		{4AF7CB2D-5CF1-429F-BF05-70CF0BBE7C6B}.Release|Any CPU.Build.0 = Release|Any CPU
		{20C1CA01-4E3D-48C3-A988-BEAFBA371B26}.Debug|Any CPU.ActiveCfg = Debug|Any CPU
		{20C1CA01-4E3D-48C3-A988-BEAFBA371B26}.Debug|Any CPU.Build.0 = Debug|Any CPU
		{20C1CA01-4E3D-48C3-A988-BEAFBA371B26}.Release|Any CPU.ActiveCfg = Release|Any CPU
		{20C1CA01-4E3D-48C3-A988-BEAFBA371B26}.Release|Any CPU.Build.0 = Release|Any CPU
	EndGlobalSection
	GlobalSection(SolutionProperties) = preSolution
		HideSolutionNode = FALSE
	EndGlobalSection
	GlobalSection(ExtensibilityGlobals) = postSolution
		SolutionGuid = {E7E79C93-2FA3-40C0-95AC-F164CE38F34B}
	EndGlobalSection
EndGlobal
