
Microsoft Visual Studio Solution File, Format Version 12.00
# Visual Studio Version 16
VisualStudioVersion = 16.0.31019.35
MinimumVisualStudioVersion = 10.0.40219.1
Project("{FAE04EC0-301F-11D3-BF4B-00C04F79EFBC}") = "ActionAndFuncDelegates", "ActionAndFuncDelegates\ActionAndFuncDelegates.csproj", "{F400882D-3140-4E29-8913-824CA3E633C1}"
EndProject
Global
	GlobalSection(SolutionConfigurationPlatforms) = preSolution
		Debug|Any CPU = Debug|Any CPU
		Release|Any CPU = Release|Any CPU
	EndGlobalSection
	GlobalSection(ProjectConfigurationPlatforms) = postSolution
		{F400882D-3140-4E29-8913-824CA3E633C1}.Debug|Any CPU.ActiveCfg = Debug|Any CPU
		{F400882D-3140-4E29-8913-824CA3E633C1}.Debug|Any CPU.Build.0 = Debug|Any CPU
		{F400882D-3140-4E29-8913-824CA3E633C1}.Release|Any CPU.ActiveCfg = Release|Any CPU
		{F400882D-3140-4E29-8913-824CA3E633C1}.Release|Any CPU.Build.0 = Release|Any CPU
	EndGlobalSection
	GlobalSection(SolutionProperties) = preSolution
		HideSolutionNode = FALSE
	EndGlobalSection
	GlobalSection(ExtensibilityGlobals) = postSolution
		SolutionGuid = {7CE1EAA0-1A5D-483A-AE56-BEB6C4CC3630}
	EndGlobalSection
EndGlobal
