
Microsoft Visual Studio Solution File, Format Version 12.00
# Visual Studio Version 17
VisualStudioVersion = 17.0.31912.275
MinimumVisualStudioVersion = 10.0.40219.1
Project("{9A19103F-16F7-4668-BE54-9A1E7A4F7556}") = "ActionFuncDelegates", "ActionFuncDelegates\ActionFuncDelegates.csproj", "{D1F2B900-5522-4562-AF7F-93CF51613794}"
EndProject
Project("{FAE04EC0-301F-11D3-BF4B-00C04F79EFBC}") = "Tests", "Tests\Tests.csproj", "{CA64C9F5-3F2F-4AB1-84ED-5C349929B2E5}"
EndProject
Global
	GlobalSection(SolutionConfigurationPlatforms) = preSolution
		Debug|Any CPU = Debug|Any CPU
		Release|Any CPU = Release|Any CPU
	EndGlobalSection
	GlobalSection(ProjectConfigurationPlatforms) = postSolution
		{D1F2B900-5522-4562-AF7F-93CF51613794}.Debug|Any CPU.ActiveCfg = Debug|Any CPU
		{D1F2B900-5522-4562-AF7F-93CF51613794}.Debug|Any CPU.Build.0 = Debug|Any CPU
		{D1F2B900-5522-4562-AF7F-93CF51613794}.Release|Any CPU.ActiveCfg = Release|Any CPU
		{D1F2B900-5522-4562-AF7F-93CF51613794}.Release|Any CPU.Build.0 = Release|Any CPU
		{CA64C9F5-3F2F-4AB1-84ED-5C349929B2E5}.Debug|Any CPU.ActiveCfg = Debug|Any CPU
		{CA64C9F5-3F2F-4AB1-84ED-5C349929B2E5}.Debug|Any CPU.Build.0 = Debug|Any CPU
		{CA64C9F5-3F2F-4AB1-84ED-5C349929B2E5}.Release|Any CPU.ActiveCfg = Release|Any CPU
		{CA64C9F5-3F2F-4AB1-84ED-5C349929B2E5}.Release|Any CPU.Build.0 = Release|Any CPU
	EndGlobalSection
	GlobalSection(SolutionProperties) = preSolution
		HideSolutionNode = FALSE
	EndGlobalSection
	GlobalSection(ExtensibilityGlobals) = postSolution
		SolutionGuid = {3520E9A0-7AB7-42B0-8BD9-417C99038576}
	EndGlobalSection
EndGlobal
