
Microsoft Visual Studio Solution File, Format Version 12.00
# Visual Studio Version 16
VisualStudioVersion = 16.0.31321.278
MinimumVisualStudioVersion = 10.0.40219.1
Project("{FAE04EC0-301F-11D3-BF4B-00C04F79EFBC}") = "ActionInCSharp", "ActionInCSharp\ActionInCSharp.csproj", "{E5806994-E2E8-483B-BCFC-330D8DDDD50A}"
EndProject
Project("{FAE04EC0-301F-11D3-BF4B-00C04F79EFBC}") = "TestScenario", "TestScenario\TestScenario.csproj", "{FD6A0F9C-E791-47BF-8164-0CA7CFBFD0A4}"
EndProject
Global
	GlobalSection(SolutionConfigurationPlatforms) = preSolution
		Debug|Any CPU = Debug|Any CPU
		Release|Any CPU = Release|Any CPU
	EndGlobalSection
	GlobalSection(ProjectConfigurationPlatforms) = postSolution
		{E5806994-E2E8-483B-BCFC-330D8DDDD50A}.Debug|Any CPU.ActiveCfg = Debug|Any CPU
		{E5806994-E2E8-483B-BCFC-330D8DDDD50A}.Debug|Any CPU.Build.0 = Debug|Any CPU
		{E5806994-E2E8-483B-BCFC-330D8DDDD50A}.Release|Any CPU.ActiveCfg = Release|Any CPU
		{E5806994-E2E8-483B-BCFC-330D8DDDD50A}.Release|Any CPU.Build.0 = Release|Any CPU
		{FD6A0F9C-E791-47BF-8164-0CA7CFBFD0A4}.Debug|Any CPU.ActiveCfg = Debug|Any CPU
		{FD6A0F9C-E791-47BF-8164-0CA7CFBFD0A4}.Debug|Any CPU.Build.0 = Debug|Any CPU
		{FD6A0F9C-E791-47BF-8164-0CA7CFBFD0A4}.Release|Any CPU.ActiveCfg = Release|Any CPU
		{FD6A0F9C-E791-47BF-8164-0CA7CFBFD0A4}.Release|Any CPU.Build.0 = Release|Any CPU
	EndGlobalSection
	GlobalSection(SolutionProperties) = preSolution
		HideSolutionNode = FALSE
	EndGlobalSection
	GlobalSection(ExtensibilityGlobals) = postSolution
		SolutionGuid = {C761E129-C0F1-4E79-A019-E61B2E5769FC}
	EndGlobalSection
EndGlobal
