
Microsoft Visual Studio Solution File, Format Version 12.00
# Visual Studio Version 17
VisualStudioVersion = 17.8.34525.116
MinimumVisualStudioVersion = 10.0.40219.1
Project("{9A19103F-16F7-4668-BE54-9A1E7A4F7556}") = "DirectoryBrowsingInASPNETCore", ".\DirectoryBrowsingInASPNETCore\DirectoryBrowsingInASPNETCore.csproj", "{BE459C80-0115-44E1-B34B-0725F1371172}"
EndProject
Project("{FAE04EC0-301F-11D3-BF4B-00C04F79EFBC}") = "Test", ".\Test\Test.csproj", "{0B965F92-067D-4EEF-867D-CAC3D6684C28}"
EndProject
Global
	GlobalSection(SolutionConfigurationPlatforms) = preSolution
		Debug|Any CPU = Debug|Any CPU
		Release|Any CPU = Release|Any CPU
	EndGlobalSection
	GlobalSection(ProjectConfigurationPlatforms) = postSolution
		{BE459C80-0115-44E1-B34B-0725F1371172}.Debug|Any CPU.ActiveCfg = Debug|Any CPU
		{BE459C80-0115-44E1-B34B-0725F1371172}.Debug|Any CPU.Build.0 = Debug|Any CPU
		{BE459C80-0115-44E1-B34B-0725F1371172}.Release|Any CPU.ActiveCfg = Release|Any CPU
		{BE459C80-0115-44E1-B34B-0725F1371172}.Release|Any CPU.Build.0 = Release|Any CPU
		{0B965F92-067D-4EEF-867D-CAC3D6684C28}.Debug|Any CPU.ActiveCfg = Debug|Any CPU
		{0B965F92-067D-4EEF-867D-CAC3D6684C28}.Debug|Any CPU.Build.0 = Debug|Any CPU
		{0B965F92-067D-4EEF-867D-CAC3D6684C28}.Release|Any CPU.ActiveCfg = Release|Any CPU
		{0B965F92-067D-4EEF-867D-CAC3D6684C28}.Release|Any CPU.Build.0 = Release|Any CPU
	EndGlobalSection
	GlobalSection(SolutionProperties) = preSolution
		HideSolutionNode = FALSE
	EndGlobalSection
	GlobalSection(ExtensibilityGlobals) = postSolution
		SolutionGuid = {7E1B8C24-2429-42DA-AC33-057DBA55DFC9}
	EndGlobalSection
EndGlobal
