
Microsoft Visual Studio Solution File, Format Version 12.00
# Visual Studio Version 17
VisualStudioVersion = 17.4.33110.190
MinimumVisualStudioVersion = 10.0.40219.1
Project("{FAE04EC0-301F-11D3-BF4B-00C04F79EFBC}") = "ActionAndFuncDelegateInCSharp", "ActionAndFuncDelegateInCSharp.csproj", "{1167CE69-91CC-40F5-AD91-2FCC63F4BCFF}"
EndProject
Project("{FAE04EC0-301F-11D3-BF4B-00C04F79EFBC}") = "Tests", "Tests\Tests\Tests.csproj", "{A79CAB13-5B93-422A-B0B0-45A106348498}"
EndProject
Global
	GlobalSection(SolutionConfigurationPlatforms) = preSolution
		Debug|Any CPU = Debug|Any CPU
		Release|Any CPU = Release|Any CPU
	EndGlobalSection
	GlobalSection(ProjectConfigurationPlatforms) = postSolution
		{1167CE69-91CC-40F5-AD91-2FCC63F4BCFF}.Debug|Any CPU.ActiveCfg = Debug|Any CPU
		{1167CE69-91CC-40F5-AD91-2FCC63F4BCFF}.Debug|Any CPU.Build.0 = Debug|Any CPU
		{1167CE69-91CC-40F5-AD91-2FCC63F4BCFF}.Release|Any CPU.ActiveCfg = Release|Any CPU
		{1167CE69-91CC-40F5-AD91-2FCC63F4BCFF}.Release|Any CPU.Build.0 = Release|Any CPU
		{A79CAB13-5B93-422A-B0B0-45A106348498}.Debug|Any CPU.ActiveCfg = Debug|Any CPU
		{A79CAB13-5B93-422A-B0B0-45A106348498}.Debug|Any CPU.Build.0 = Debug|Any CPU
		{A79CAB13-5B93-422A-B0B0-45A106348498}.Release|Any CPU.ActiveCfg = Release|Any CPU
		{A79CAB13-5B93-422A-B0B0-45A106348498}.Release|Any CPU.Build.0 = Release|Any CPU
	EndGlobalSection
	GlobalSection(SolutionProperties) = preSolution
		HideSolutionNode = FALSE
	EndGlobalSection
	GlobalSection(ExtensibilityGlobals) = postSolution
		SolutionGuid = {0C7A075D-C00C-40C6-8214-7D4311E9A762}
	EndGlobalSection
EndGlobal
