
Microsoft Visual Studio Solution File, Format Version 12.00
# Visual Studio Version 17
VisualStudioVersion = 17.8.34322.80
MinimumVisualStudioVersion = 10.0.40219.1
Project("{9A19103F-16F7-4668-BE54-9A1E7A4F7556}") = "EFCoreBestPractices", "EFCoreBestPractices\EFCoreBestPractices.csproj", "{ADB21927-F4E5-44F8-98AD-D2E2B4C69EA4}"
EndProject
Project("{FAE04EC0-301F-11D3-BF4B-00C04F79EFBC}") = "EFCoreBestPracticesUnitTests", "EFCoreBestPracticesUnitTests\EFCoreBestPracticesUnitTests.csproj", "{8B3032AA-4A4B-438B-B52E-A7D40CEC0C22}"
EndProject
Global
	GlobalSection(SolutionConfigurationPlatforms) = preSolution
		Debug|Any CPU = Debug|Any CPU
		Release|Any CPU = Release|Any CPU
	EndGlobalSection
	GlobalSection(ProjectConfigurationPlatforms) = postSolution
		{ADB21927-F4E5-44F8-98AD-D2E2B4C69EA4}.Debug|Any CPU.ActiveCfg = Debug|Any CPU
		{ADB21927-F4E5-44F8-98AD-D2E2B4C69EA4}.Debug|Any CPU.Build.0 = Debug|Any CPU
		{ADB21927-F4E5-44F8-98AD-D2E2B4C69EA4}.Release|Any CPU.ActiveCfg = Release|Any CPU
		{ADB21927-F4E5-44F8-98AD-D2E2B4C69EA4}.Release|Any CPU.Build.0 = Release|Any CPU
		{8B3032AA-4A4B-438B-B52E-A7D40CEC0C22}.Debug|Any CPU.ActiveCfg = Debug|Any CPU
		{8B3032AA-4A4B-438B-B52E-A7D40CEC0C22}.Debug|Any CPU.Build.0 = Debug|Any CPU
		{8B3032AA-4A4B-438B-B52E-A7D40CEC0C22}.Release|Any CPU.ActiveCfg = Release|Any CPU
		{8B3032AA-4A4B-438B-B52E-A7D40CEC0C22}.Release|Any CPU.Build.0 = Release|Any CPU
	EndGlobalSection
	GlobalSection(SolutionProperties) = preSolution
		HideSolutionNode = FALSE
	EndGlobalSection
	GlobalSection(ExtensibilityGlobals) = postSolution
		SolutionGuid = {956FA1B2-A5B9-4B94-A48C-35FECCB12C58}
	EndGlobalSection
EndGlobal
