
Microsoft Visual Studio Solution File, Format Version 12.00
# Visual Studio Version 16
VisualStudioVersion = 25.0.1706.7
MinimumVisualStudioVersion = 10.0.40219.1
Project("{FAE04EC0-301F-11D3-BF4B-00C04F79EFBC}") = "MaximizeBrowserWindowInSelenium", "MaximizeBrowserWindowInSelenium\MaximizeBrowserWindowInSelenium.csproj", "{5A4E285E-CA0E-4235-8013-38B0BC220D77}"
EndProject
Project("{FAE04EC0-301F-11D3-BF4B-00C04F79EFBC}") = "MaximizeBrowserWindowInSeleniumTests", "MaximizeBrowserWindowInSeleniumTests\MaximizeBrowserWindowInSeleniumTests.csproj", "{84FE8635-6384-4E38-BF12-471C8F6652AD}"
EndProject
Global
	GlobalSection(SolutionConfigurationPlatforms) = preSolution
		Debug|Any CPU = Debug|Any CPU
		Release|Any CPU = Release|Any CPU
	EndGlobalSection
	GlobalSection(ProjectConfigurationPlatforms) = postSolution
		{5A4E285E-CA0E-4235-8013-38B0BC220D77}.Debug|Any CPU.ActiveCfg = Debug|Any CPU
		{5A4E285E-CA0E-4235-8013-38B0BC220D77}.Debug|Any CPU.Build.0 = Debug|Any CPU
		{5A4E285E-CA0E-4235-8013-38B0BC220D77}.Release|Any CPU.ActiveCfg = Release|Any CPU
		{5A4E285E-CA0E-4235-8013-38B0BC220D77}.Release|Any CPU.Build.0 = Release|Any CPU
		{84FE8635-6384-4E38-BF12-471C8F6652AD}.Debug|Any CPU.ActiveCfg = Debug|Any CPU
		{84FE8635-6384-4E38-BF12-471C8F6652AD}.Debug|Any CPU.Build.0 = Debug|Any CPU
		{84FE8635-6384-4E38-BF12-471C8F6652AD}.Release|Any CPU.ActiveCfg = Release|Any CPU
		{84FE8635-6384-4E38-BF12-471C8F6652AD}.Release|Any CPU.Build.0 = Release|Any CPU
	EndGlobalSection
	GlobalSection(SolutionProperties) = preSolution
		HideSolutionNode = FALSE
	EndGlobalSection
	GlobalSection(ExtensibilityGlobals) = postSolution
		SolutionGuid = {85204F44-E5D7-41DB-998D-49F09F60EF7A}
	EndGlobalSection
EndGlobal
