
Microsoft Visual Studio Solution File, Format Version 12.00
Project("{FAE04EC0-301F-11D3-BF4B-00C04F79EFBC}") = "App", "App\App.csproj", "{1FD963DA-00CB-4487-A735-5A9EB00690F2}"
EndProject
Project("{FAE04EC0-301F-11D3-BF4B-00C04F79EFBC}") = "Tests", "Tests\Tests.csproj", "{D0DA7D6C-249E-47CF-BD1C-E2AA07056387}"
EndProject
Global
	GlobalSection(SolutionConfigurationPlatforms) = preSolution
		Debug|Any CPU = Debug|Any CPU
		Release|Any CPU = Release|Any CPU
	EndGlobalSection
	GlobalSection(ProjectConfigurationPlatforms) = postSolution
		{1FD963DA-00CB-4487-A735-5A9EB00690F2}.Debug|Any CPU.ActiveCfg = Debug|Any CPU
		{1FD963DA-00CB-4487-A735-5A9EB00690F2}.Debug|Any CPU.Build.0 = Debug|Any CPU
		{1FD963DA-00CB-4487-A735-5A9EB00690F2}.Release|Any CPU.ActiveCfg = Release|Any CPU
		{1FD963DA-00CB-4487-A735-5A9EB00690F2}.Release|Any CPU.Build.0 = Release|Any CPU
		{D0DA7D6C-249E-47CF-BD1C-E2AA07056387}.Debug|Any CPU.ActiveCfg = Debug|Any CPU
		{D0DA7D6C-249E-47CF-BD1C-E2AA07056387}.Debug|Any CPU.Build.0 = Debug|Any CPU
		{D0DA7D6C-249E-47CF-BD1C-E2AA07056387}.Release|Any CPU.ActiveCfg = Release|Any CPU
		{D0DA7D6C-249E-47CF-BD1C-E2AA07056387}.Release|Any CPU.Build.0 = Release|Any CPU
	EndGlobalSection
EndGlobal
