
Microsoft Visual Studio Solution File, Format Version 12.00
# Visual Studio Version 17
VisualStudioVersion = 17.9.34607.119
MinimumVisualStudioVersion = 10.0.40219.1
Project("{9A19103F-16F7-4668-BE54-9A1E7A4F7556}") = "AForgeDotNetLibrary", "AForgeDotNetLibrary\AForgeDotNetLibrary.csproj", "{73A2A82A-9CE3-451C-9ECD-B96447B2DF5C}"
EndProject
Project("{9A19103F-16F7-4668-BE54-9A1E7A4F7556}") = "SystemDrawingCommonLibrary", "SystemDrawingCommonLibrary\SystemDrawingCommonLibrary.csproj", "{CA644742-3367-4423-8BC2-111B5B9DADAD}"
EndProject
Project("{FAE04EC0-301F-11D3-BF4B-00C04F79EFBC}") = "Tests", "Tests\Tests.csproj", "{05E0386B-122F-4B8F-B71E-19B95E11ABB9}"
EndProject
Global
	GlobalSection(SolutionConfigurationPlatforms) = preSolution
		Debug|Any CPU = Debug|Any CPU
		Release|Any CPU = Release|Any CPU
	EndGlobalSection
	GlobalSection(ProjectConfigurationPlatforms) = postSolution
		{73A2A82A-9CE3-451C-9ECD-B96447B2DF5C}.Debug|Any CPU.ActiveCfg = Debug|Any CPU
		{73A2A82A-9CE3-451C-9ECD-B96447B2DF5C}.Debug|Any CPU.Build.0 = Debug|Any CPU
		{73A2A82A-9CE3-451C-9ECD-B96447B2DF5C}.Release|Any CPU.ActiveCfg = Release|Any CPU
		{73A2A82A-9CE3-451C-9ECD-B96447B2DF5C}.Release|Any CPU.Build.0 = Release|Any CPU
		{CA644742-3367-4423-8BC2-111B5B9DADAD}.Debug|Any CPU.ActiveCfg = Debug|Any CPU
		{CA644742-3367-4423-8BC2-111B5B9DADAD}.Debug|Any CPU.Build.0 = Debug|Any CPU
		{CA644742-3367-4423-8BC2-111B5B9DADAD}.Release|Any CPU.ActiveCfg = Release|Any CPU
		{CA644742-3367-4423-8BC2-111B5B9DADAD}.Release|Any CPU.Build.0 = Release|Any CPU
		{05E0386B-122F-4B8F-B71E-19B95E11ABB9}.Debug|Any CPU.ActiveCfg = Debug|Any CPU
		{05E0386B-122F-4B8F-B71E-19B95E11ABB9}.Debug|Any CPU.Build.0 = Debug|Any CPU
		{05E0386B-122F-4B8F-B71E-19B95E11ABB9}.Release|Any CPU.ActiveCfg = Release|Any CPU
		{05E0386B-122F-4B8F-B71E-19B95E11ABB9}.Release|Any CPU.Build.0 = Release|Any CPU
	EndGlobalSection
	GlobalSection(SolutionProperties) = preSolution
		HideSolutionNode = FALSE
	EndGlobalSection
	GlobalSection(ExtensibilityGlobals) = postSolution
		SolutionGuid = {0AB98842-BACC-499C-8638-B4A86B0270C7}
	EndGlobalSection
EndGlobal
