
Microsoft Visual Studio Solution File, Format Version 12.00
# Visual Studio Version 17
VisualStudioVersion = 17.0.31903.59
MinimumVisualStudioVersion = 10.0.40219.1
Project("{FAE04EC0-301F-11D3-BF4B-00C04F79EFBC}") = "ProjectConfigurationDemo", "ProjectConfigurationDemo\ProjectConfigurationDemo.csproj", "{5EA1A2AB-57F4-45DB-992E-38153540DD19}"
EndProject
Project("{FAE04EC0-301F-11D3-BF4B-00C04F79EFBC}") = "CustomConfigurationProvider.Tests", "CustomConfigurationProvider.Tests\CustomConfigurationProvider.Tests.csproj", "{27DEA374-3B60-4C1F-BD6C-F58ED7A9939F}"
EndProject
Global
	GlobalSection(SolutionConfigurationPlatforms) = preSolution
		Debug|Any CPU = Debug|Any CPU
		Debug|x64 = Debug|x64
		Debug|x86 = Debug|x86
		Release|Any CPU = Release|Any CPU
		Release|x64 = Release|x64
		Release|x86 = Release|x86
	EndGlobalSection
	GlobalSection(ProjectConfigurationPlatforms) = postSolution
		{5EA1A2AB-57F4-45DB-992E-38153540DD19}.Debug|Any CPU.ActiveCfg = Debug|Any CPU
		{5EA1A2AB-57F4-45DB-992E-38153540DD19}.Debug|Any CPU.Build.0 = Debug|Any CPU
		{5EA1A2AB-57F4-45DB-992E-38153540DD19}.Debug|x64.ActiveCfg = Debug|Any CPU
		{5EA1A2AB-57F4-45DB-992E-38153540DD19}.Debug|x64.Build.0 = Debug|Any CPU
		{5EA1A2AB-57F4-45DB-992E-38153540DD19}.Debug|x86.ActiveCfg = Debug|Any CPU
		{5EA1A2AB-57F4-45DB-992E-38153540DD19}.Debug|x86.Build.0 = Debug|Any CPU
		{5EA1A2AB-57F4-45DB-992E-38153540DD19}.Release|Any CPU.ActiveCfg = Release|Any CPU
		{5EA1A2AB-57F4-45DB-992E-38153540DD19}.Release|Any CPU.Build.0 = Release|Any CPU
		{5EA1A2AB-57F4-45DB-992E-38153540DD19}.Release|x64.ActiveCfg = Release|Any CPU
		{5EA1A2AB-57F4-45DB-992E-38153540DD19}.Release|x64.Build.0 = Release|Any CPU
		{5EA1A2AB-57F4-45DB-992E-38153540DD19}.Release|x86.ActiveCfg = Release|Any CPU
		{5EA1A2AB-57F4-45DB-992E-38153540DD19}.Release|x86.Build.0 = Release|Any CPU
		{27DEA374-3B60-4C1F-BD6C-F58ED7A9939F}.Debug|Any CPU.ActiveCfg = Debug|Any CPU
		{27DEA374-3B60-4C1F-BD6C-F58ED7A9939F}.Debug|Any CPU.Build.0 = Debug|Any CPU
		{27DEA374-3B60-4C1F-BD6C-F58ED7A9939F}.Debug|x64.ActiveCfg = Debug|Any CPU
		{27DEA374-3B60-4C1F-BD6C-F58ED7A9939F}.Debug|x64.Build.0 = Debug|Any CPU
		{27DEA374-3B60-4C1F-BD6C-F58ED7A9939F}.Debug|x86.ActiveCfg = Debug|Any CPU
		{27DEA374-3B60-4C1F-BD6C-F58ED7A9939F}.Debug|x86.Build.0 = Debug|Any CPU
		{27DEA374-3B60-4C1F-BD6C-F58ED7A9939F}.Release|Any CPU.ActiveCfg = Release|Any CPU
		{27DEA374-3B60-4C1F-BD6C-F58ED7A9939F}.Release|Any CPU.Build.0 = Release|Any CPU
		{27DEA374-3B60-4C1F-BD6C-F58ED7A9939F}.Release|x64.ActiveCfg = Release|Any CPU
		{27DEA374-3B60-4C1F-BD6C-F58ED7A9939F}.Release|x64.Build.0 = Release|Any CPU
		{27DEA374-3B60-4C1F-BD6C-F58ED7A9939F}.Release|x86.ActiveCfg = Release|Any CPU
		{27DEA374-3B60-4C1F-BD6C-F58ED7A9939F}.Release|x86.Build.0 = Release|Any CPU
	EndGlobalSection
	GlobalSection(SolutionProperties) = preSolution
		HideSolutionNode = FALSE
	EndGlobalSection
EndGlobal
