
Microsoft Visual Studio Solution File, Format Version 12.00
# Visual Studio Version 17
VisualStudioVersion = 17.6.33815.320
MinimumVisualStudioVersion = 10.0.40219.1
Project("{FAE04EC0-301F-11D3-BF4B-00C04F79EFBC}") = "ActionAndFuncDelegatesInCsharp", "ActionAndFuncDelegatesInCsharp\ActionAndFuncDelegatesInCsharp.csproj", "{6B0775F7-4A1F-4DF5-A2B3-01849FBE2F84}"
EndProject
Project("{FAE04EC0-301F-11D3-BF4B-00C04F79EFBC}") = "Tests", "Tests\Tests.csproj", "{9073B871-E6AC-4373-9CA4-7B7BDE7C8B45}"
EndProject
Global
	GlobalSection(SolutionConfigurationPlatforms) = preSolution
		Debug|Any CPU = Debug|Any CPU
		Release|Any CPU = Release|Any CPU
	EndGlobalSection
	GlobalSection(ProjectConfigurationPlatforms) = postSolution
		{6B0775F7-4A1F-4DF5-A2B3-01849FBE2F84}.Debug|Any CPU.ActiveCfg = Debug|Any CPU
		{6B0775F7-4A1F-4DF5-A2B3-01849FBE2F84}.Debug|Any CPU.Build.0 = Debug|Any CPU
		{6B0775F7-4A1F-4DF5-A2B3-01849FBE2F84}.Release|Any CPU.ActiveCfg = Release|Any CPU
		{6B0775F7-4A1F-4DF5-A2B3-01849FBE2F84}.Release|Any CPU.Build.0 = Release|Any CPU
		{9073B871-E6AC-4373-9CA4-7B7BDE7C8B45}.Debug|Any CPU.ActiveCfg = Debug|Any CPU
		{9073B871-E6AC-4373-9CA4-7B7BDE7C8B45}.Debug|Any CPU.Build.0 = Debug|Any CPU
		{9073B871-E6AC-4373-9CA4-7B7BDE7C8B45}.Release|Any CPU.ActiveCfg = Release|Any CPU
		{9073B871-E6AC-4373-9CA4-7B7BDE7C8B45}.Release|Any CPU.Build.0 = Release|Any CPU
	EndGlobalSection
	GlobalSection(SolutionProperties) = preSolution
		HideSolutionNode = FALSE
	EndGlobalSection
	GlobalSection(ExtensibilityGlobals) = postSolution
		SolutionGuid = {E5610980-0631-4D4A-9D45-C526615DEDD2}
	EndGlobalSection
EndGlobal
