
Microsoft Visual Studio Solution File, Format Version 12.00
# Visual Studio Version 17
VisualStudioVersion = 17.8.34511.84
MinimumVisualStudioVersion = 10.0.40219.1
Project("{9A19103F-16F7-4668-BE54-9A1E7A4F7556}") = "ActionAndFuncDelegatesInCsharp", "ActionAndFuncDelegatesInCsharp\ActionAndFuncDelegatesInCsharp.csproj", "{4B515F31-7203-4F78-91E8-A0E510BF44E8}"
EndProject
Project("{FAE04EC0-301F-11D3-BF4B-00C04F79EFBC}") = "Tests", "Tests\Tests.csproj", "{89584A86-F39D-42E0-8BFD-4C64057CB5C8}"
EndProject
Global
	GlobalSection(SolutionConfigurationPlatforms) = preSolution
		Debug|Any CPU = Debug|Any CPU
		Release|Any CPU = Release|Any CPU
	EndGlobalSection
	GlobalSection(ProjectConfigurationPlatforms) = postSolution
		{4B515F31-7203-4F78-91E8-A0E510BF44E8}.Debug|Any CPU.ActiveCfg = Debug|Any CPU
		{4B515F31-7203-4F78-91E8-A0E510BF44E8}.Debug|Any CPU.Build.0 = Debug|Any CPU
		{4B515F31-7203-4F78-91E8-A0E510BF44E8}.Release|Any CPU.ActiveCfg = Release|Any CPU
		{4B515F31-7203-4F78-91E8-A0E510BF44E8}.Release|Any CPU.Build.0 = Release|Any CPU
		{89584A86-F39D-42E0-8BFD-4C64057CB5C8}.Debug|Any CPU.ActiveCfg = Debug|Any CPU
		{89584A86-F39D-42E0-8BFD-4C64057CB5C8}.Debug|Any CPU.Build.0 = Debug|Any CPU
		{89584A86-F39D-42E0-8BFD-4C64057CB5C8}.Release|Any CPU.ActiveCfg = Release|Any CPU
		{89584A86-F39D-42E0-8BFD-4C64057CB5C8}.Release|Any CPU.Build.0 = Release|Any CPU
	EndGlobalSection
	GlobalSection(SolutionProperties) = preSolution
		HideSolutionNode = FALSE
	EndGlobalSection
	GlobalSection(ExtensibilityGlobals) = postSolution
		SolutionGuid = {6FD5D9E7-DF8A-41E4-A833-2C5869A81D7B}
	EndGlobalSection
EndGlobal
