
Microsoft Visual Studio Solution File, Format Version 12.00
# Visual Studio Version 17
VisualStudioVersion = 17.8.34601.278
MinimumVisualStudioVersion = 10.0.40219.1
Project("{FAE04EC0-301F-11D3-BF4B-00C04F79EFBC}") = "ActionAndFuncDelegatesInCSharp", "ActionAndFuncDelegatesInCSharp\ActionAndFuncDelegatesInCSharp.csproj", "{39405DD8-E4C3-40DF-A24F-863981767439}"
EndProject
Project("{FAE04EC0-301F-11D3-BF4B-00C04F79EFBC}") = "Tests", "Tests\Tests.csproj", "{35F1427D-4346-4486-A874-664748BCF158}"
EndProject
Global
	GlobalSection(SolutionConfigurationPlatforms) = preSolution
		Debug|Any CPU = Debug|Any CPU
		Release|Any CPU = Release|Any CPU
	EndGlobalSection
	GlobalSection(ProjectConfigurationPlatforms) = postSolution
		{39405DD8-E4C3-40DF-A24F-863981767439}.Debug|Any CPU.ActiveCfg = Debug|Any CPU
		{39405DD8-E4C3-40DF-A24F-863981767439}.Debug|Any CPU.Build.0 = Debug|Any CPU
		{39405DD8-E4C3-40DF-A24F-863981767439}.Release|Any CPU.ActiveCfg = Release|Any CPU
		{39405DD8-E4C3-40DF-A24F-863981767439}.Release|Any CPU.Build.0 = Release|Any CPU
		{35F1427D-4346-4486-A874-664748BCF158}.Debug|Any CPU.ActiveCfg = Debug|Any CPU
		{35F1427D-4346-4486-A874-664748BCF158}.Debug|Any CPU.Build.0 = Debug|Any CPU
		{35F1427D-4346-4486-A874-664748BCF158}.Release|Any CPU.ActiveCfg = Release|Any CPU
		{35F1427D-4346-4486-A874-664748BCF158}.Release|Any CPU.Build.0 = Release|Any CPU
	EndGlobalSection
	GlobalSection(SolutionProperties) = preSolution
		HideSolutionNode = FALSE
	EndGlobalSection
	GlobalSection(ExtensibilityGlobals) = postSolution
		SolutionGuid = {C918B22F-0AB9-4189-8418-A6E6ADC29CF6}
	EndGlobalSection
EndGlobal
