
Microsoft Visual Studio Solution File, Format Version 12.00
# Visual Studio Version 16
VisualStudioVersion = 16.0.33920.266
MinimumVisualStudioVersion = 10.0.40219.1
Project("{9A19103F-16F7-4668-BE54-9A1E7A4F7556}") = "ActionAndFuncDelegatesInCsharp", "ActionAndFuncDelegatesInCsharp\ActionAndFuncDelegatesInCsharp.csproj", "{FF1697AB-ECC8-4E1B-B4CB-32B52423D483}"
EndProject
Project("{9A19103F-16F7-4668-BE54-9A1E7A4F7556}") = "Tests", "Tests\Tests.csproj", "{6344C847-8138-4FD5-B7A9-581750333AD1}"
EndProject
Global
	GlobalSection(SolutionConfigurationPlatforms) = preSolution
		Debug|Any CPU = Debug|Any CPU
		Release|Any CPU = Release|Any CPU
	EndGlobalSection
	GlobalSection(ProjectConfigurationPlatforms) = postSolution
		{FF1697AB-ECC8-4E1B-B4CB-32B52423D483}.Debug|Any CPU.ActiveCfg = Debug|Any CPU
		{FF1697AB-ECC8-4E1B-B4CB-32B52423D483}.Debug|Any CPU.Build.0 = Debug|Any CPU
		{FF1697AB-ECC8-4E1B-B4CB-32B52423D483}.Release|Any CPU.ActiveCfg = Release|Any CPU
		{FF1697AB-ECC8-4E1B-B4CB-32B52423D483}.Release|Any CPU.Build.0 = Release|Any CPU
		{6344C847-8138-4FD5-B7A9-581750333AD1}.Debug|Any CPU.ActiveCfg = Debug|Any CPU
		{6344C847-8138-4FD5-B7A9-581750333AD1}.Debug|Any CPU.Build.0 = Debug|Any CPU
		{6344C847-8138-4FD5-B7A9-581750333AD1}.Release|Any CPU.ActiveCfg = Release|Any CPU
		{6344C847-8138-4FD5-B7A9-581750333AD1}.Release|Any CPU.Build.0 = Release|Any CPU
	EndGlobalSection
	GlobalSection(SolutionProperties) = preSolution
		HideSolutionNode = FALSE
	EndGlobalSection
	GlobalSection(ExtensibilityGlobals) = postSolution
		SolutionGuid = {03B09B53-8435-4861-A0DA-FDB535B34ADE}
	EndGlobalSection
EndGlobal
