
Microsoft Visual Studio Solution File, Format Version 12.00
# Visual Studio Version 17
VisualStudioVersion = 17.0.32112.339
MinimumVisualStudioVersion = 10.0.40219.1
Project("{FAE04EC0-301F-11D3-BF4B-00C04F79EFBC}") = "OptionalParameterinWebApi", "OptionalParameterinWebApi\OptionalParameterinWebApi.csproj", "{73658A4F-26E3-42E0-9F18-B855C4CD54E7}"
EndProject
Project("{FAE04EC0-301F-11D3-BF4B-00C04F79EFBC}") = "Test", "Test\Test.csproj", "{75B41959-F9CB-4B46-A5DA-B792A6DC2660}"
EndProject
Global
	GlobalSection(SolutionConfigurationPlatforms) = preSolution
		Debug|Any CPU = Debug|Any CPU
		Release|Any CPU = Release|Any CPU
	EndGlobalSection
	GlobalSection(ProjectConfigurationPlatforms) = postSolution
		{73658A4F-26E3-42E0-9F18-B855C4CD54E7}.Debug|Any CPU.ActiveCfg = Debug|Any CPU
		{73658A4F-26E3-42E0-9F18-B855C4CD54E7}.Debug|Any CPU.Build.0 = Debug|Any CPU
		{73658A4F-26E3-42E0-9F18-B855C4CD54E7}.Release|Any CPU.ActiveCfg = Release|Any CPU
		{73658A4F-26E3-42E0-9F18-B855C4CD54E7}.Release|Any CPU.Build.0 = Release|Any CPU
		{75B41959-F9CB-4B46-A5DA-B792A6DC2660}.Debug|Any CPU.ActiveCfg = Debug|Any CPU
		{75B41959-F9CB-4B46-A5DA-B792A6DC2660}.Debug|Any CPU.Build.0 = Debug|Any CPU
		{75B41959-F9CB-4B46-A5DA-B792A6DC2660}.Release|Any CPU.ActiveCfg = Release|Any CPU
		{75B41959-F9CB-4B46-A5DA-B792A6DC2660}.Release|Any CPU.Build.0 = Release|Any CPU
	EndGlobalSection
	GlobalSection(SolutionProperties) = preSolution
		HideSolutionNode = FALSE
	EndGlobalSection
	GlobalSection(ExtensibilityGlobals) = postSolution
		SolutionGuid = {38BFB080-FFD1-4934-856C-FD683B83C234}
	EndGlobalSection
EndGlobal
