
Microsoft Visual Studio Solution File, Format Version 12.00
# Visual Studio Version 16
VisualStudioVersion = 16.0.32413.511
MinimumVisualStudioVersion = 10.0.40219.1
Project("{9A19103F-16F7-4668-BE54-9A1E7A4F7556}") = "DelegateDemo", "DelegateDemo.csproj", "{906F0BCC-4D38-4163-8A6A-457749672A3A}"
EndProject
Global
	GlobalSection(SolutionConfigurationPlatforms) = preSolution
		Debug|Any CPU = Debug|Any CPU
		Release|Any CPU = Release|Any CPU
	EndGlobalSection
	GlobalSection(ProjectConfigurationPlatforms) = postSolution
		{906F0BCC-4D38-4163-8A6A-457749672A3A}.Debug|Any CPU.ActiveCfg = Debug|Any CPU
		{906F0BCC-4D38-4163-8A6A-457749672A3A}.Debug|Any CPU.Build.0 = Debug|Any CPU
		{906F0BCC-4D38-4163-8A6A-457749672A3A}.Release|Any CPU.ActiveCfg = Release|Any CPU
		{906F0BCC-4D38-4163-8A6A-457749672A3A}.Release|Any CPU.Build.0 = Release|Any CPU
	EndGlobalSection
	GlobalSection(SolutionProperties) = preSolution
		HideSolutionNode = FALSE
	EndGlobalSection
	GlobalSection(ExtensibilityGlobals) = postSolution
		SolutionGuid = {9EB25367-3A6E-46AB-AD4B-33FEC2BB74F0}
	EndGlobalSection
EndGlobal
