
Microsoft Visual Studio Solution File, Format Version 12.00
# Visual Studio Version 17
VisualStudioVersion = 17.4.33205.214
MinimumVisualStudioVersion = 10.0.40219.1
Project("{FAE04EC0-301F-11D3-BF4B-00C04F79EFBC}") = "UpdateDictionaryValue", "UpdateDictionaryValue\UpdateDictionaryValue.csproj", "{6FF1E58C-625E-4A9D-BAF6-E943DD656F4E}"
EndProject
Project("{FAE04EC0-301F-11D3-BF4B-00C04F79EFBC}") = "Tests", "Tests\Tests.csproj", "{537D3661-4967-41F2-8A35-7AB6C5F41AC2}"
EndProject
Global
	GlobalSection(SolutionConfigurationPlatforms) = preSolution
		Debug|Any CPU = Debug|Any CPU
		Release|Any CPU = Release|Any CPU
	EndGlobalSection
	GlobalSection(ProjectConfigurationPlatforms) = postSolution
		{6FF1E58C-625E-4A9D-BAF6-E943DD656F4E}.Debug|Any CPU.ActiveCfg = Debug|Any CPU
		{6FF1E58C-625E-4A9D-BAF6-E943DD656F4E}.Debug|Any CPU.Build.0 = Debug|Any CPU
		{6FF1E58C-625E-4A9D-BAF6-E943DD656F4E}.Release|Any CPU.ActiveCfg = Release|Any CPU
		{6FF1E58C-625E-4A9D-BAF6-E943DD656F4E}.Release|Any CPU.Build.0 = Release|Any CPU
		{537D3661-4967-41F2-8A35-7AB6C5F41AC2}.Debug|Any CPU.ActiveCfg = Debug|Any CPU
		{537D3661-4967-41F2-8A35-7AB6C5F41AC2}.Debug|Any CPU.Build.0 = Debug|Any CPU
		{537D3661-4967-41F2-8A35-7AB6C5F41AC2}.Release|Any CPU.ActiveCfg = Release|Any CPU
		{537D3661-4967-41F2-8A35-7AB6C5F41AC2}.Release|Any CPU.Build.0 = Release|Any CPU
	EndGlobalSection
	GlobalSection(SolutionProperties) = preSolution
		HideSolutionNode = FALSE
	EndGlobalSection
	GlobalSection(ExtensibilityGlobals) = postSolution
		SolutionGuid = {05777212-69FF-4779-AD81-8BFB49F31ED9}
	EndGlobalSection
EndGlobal
