
Microsoft Visual Studio Solution File, Format Version 12.00
# Visual Studio Version 17
VisualStudioVersion = 17.5.33530.505
MinimumVisualStudioVersion = 10.0.40219.1
Project("{FAE04EC0-301F-11D3-BF4B-00C04F79EFBC}") = "RollingFileLoggingWithSerilog", "RollingFileLoggingWithSerilog\RollingFileLoggingWithSerilog.csproj", "{AA593C42-9113-4A80-A1F1-B3F52AB86944}"
EndProject
Global
	GlobalSection(SolutionConfigurationPlatforms) = preSolution
		Debug|Any CPU = Debug|Any CPU
		Release|Any CPU = Release|Any CPU
	EndGlobalSection
	GlobalSection(ProjectConfigurationPlatforms) = postSolution
		{AA593C42-9113-4A80-A1F1-B3F52AB86944}.Debug|Any CPU.ActiveCfg = Debug|Any CPU
		{AA593C42-9113-4A80-A1F1-B3F52AB86944}.Debug|Any CPU.Build.0 = Debug|Any CPU
		{AA593C42-9113-4A80-A1F1-B3F52AB86944}.Release|Any CPU.ActiveCfg = Release|Any CPU
		{AA593C42-9113-4A80-A1F1-B3F52AB86944}.Release|Any CPU.Build.0 = Release|Any CPU
	EndGlobalSection
	GlobalSection(SolutionProperties) = preSolution
		HideSolutionNode = FALSE
	EndGlobalSection
	GlobalSection(ExtensibilityGlobals) = postSolution
		SolutionGuid = {D1BE9EC0-B823-4828-A9F2-D673E523FB6D}
	EndGlobalSection
EndGlobal
