
Microsoft Visual Studio Solution File, Format Version 12.00
# Visual Studio Version 17
VisualStudioVersion = 17.4.33110.190
MinimumVisualStudioVersion = 10.0.40219.1
Project("{9A19103F-16F7-4668-BE54-9A1E7A4F7556}") = "TestServer", "TestServer\TestServer.csproj", "{0FA56336-226F-4A24-A254-049606D024AA}"
EndProject
Project("{9A19103F-16F7-4668-BE54-9A1E7A4F7556}") = "Tests", "Tests\Tests.csproj", "{2B7529B4-1D4F-4FEF-BA44-57E43C0DCF38}"
EndProject
Global
	GlobalSection(SolutionConfigurationPlatforms) = preSolution
		Debug|Any CPU = Debug|Any CPU
		Release|Any CPU = Release|Any CPU
	EndGlobalSection
	GlobalSection(ProjectConfigurationPlatforms) = postSolution
		{0FA56336-226F-4A24-A254-049606D024AA}.Debug|Any CPU.ActiveCfg = Debug|Any CPU
		{0FA56336-226F-4A24-A254-049606D024AA}.Debug|Any CPU.Build.0 = Debug|Any CPU
		{0FA56336-226F-4A24-A254-049606D024AA}.Release|Any CPU.ActiveCfg = Release|Any CPU
		{0FA56336-226F-4A24-A254-049606D024AA}.Release|Any CPU.Build.0 = Release|Any CPU
		{2B7529B4-1D4F-4FEF-BA44-57E43C0DCF38}.Debug|Any CPU.ActiveCfg = Debug|Any CPU
		{2B7529B4-1D4F-4FEF-BA44-57E43C0DCF38}.Debug|Any CPU.Build.0 = Debug|Any CPU
		{2B7529B4-1D4F-4FEF-BA44-57E43C0DCF38}.Release|Any CPU.ActiveCfg = Release|Any CPU
		{2B7529B4-1D4F-4FEF-BA44-57E43C0DCF38}.Release|Any CPU.Build.0 = Release|Any CPU
	EndGlobalSection
	GlobalSection(SolutionProperties) = preSolution
		HideSolutionNode = FALSE
	EndGlobalSection
	GlobalSection(ExtensibilityGlobals) = postSolution
		SolutionGuid = {285CBFD4-BEA4-4CA0-B2CD-4DA1E859097E}
	EndGlobalSection
EndGlobal
