
Microsoft Visual Studio Solution File, Format Version 12.00
# Visual Studio Version 17
VisualStudioVersion = 17.0.32014.148
MinimumVisualStudioVersion = 10.0.40219.1
Project("{FAE04EC0-301F-11D3-BF4B-00C04F79EFBC}") = "FuncAndActionDelegate", "FuncAndActionDelegate\FuncAndActionDelegate.csproj", "{0B02E713-BEF7-4293-8C86-A1355BE682CA}"
EndProject
Project("{FAE04EC0-301F-11D3-BF4B-00C04F79EFBC}") = "Tests", "Tests\Tests.csproj", "{81CA651C-81A5-42C3-A326-7CEE18560582}"
EndProject
Global
	GlobalSection(SolutionConfigurationPlatforms) = preSolution
		Debug|Any CPU = Debug|Any CPU
		Release|Any CPU = Release|Any CPU
	EndGlobalSection
	GlobalSection(ProjectConfigurationPlatforms) = postSolution
		{0B02E713-BEF7-4293-8C86-A1355BE682CA}.Debug|Any CPU.ActiveCfg = Debug|Any CPU
		{0B02E713-BEF7-4293-8C86-A1355BE682CA}.Debug|Any CPU.Build.0 = Debug|Any CPU
		{0B02E713-BEF7-4293-8C86-A1355BE682CA}.Release|Any CPU.ActiveCfg = Release|Any CPU
		{0B02E713-BEF7-4293-8C86-A1355BE682CA}.Release|Any CPU.Build.0 = Release|Any CPU
		{81CA651C-81A5-42C3-A326-7CEE18560582}.Debug|Any CPU.ActiveCfg = Debug|Any CPU
		{81CA651C-81A5-42C3-A326-7CEE18560582}.Debug|Any CPU.Build.0 = Debug|Any CPU
		{81CA651C-81A5-42C3-A326-7CEE18560582}.Release|Any CPU.ActiveCfg = Release|Any CPU
		{81CA651C-81A5-42C3-A326-7CEE18560582}.Release|Any CPU.Build.0 = Release|Any CPU
	EndGlobalSection
	GlobalSection(SolutionProperties) = preSolution
		HideSolutionNode = FALSE
	EndGlobalSection
	GlobalSection(ExtensibilityGlobals) = postSolution
		SolutionGuid = {D88520F0-6408-44E1-B593-E0B5C6FE7CD4}
	EndGlobalSection
EndGlobal
