
Microsoft Visual Studio Solution File, Format Version 12.00
# Visual Studio Version 17
VisualStudioVersion = 17.5.33502.453
MinimumVisualStudioVersion = 10.0.40219.1
Project("{FAE04EC0-301F-11D3-BF4B-00C04F79EFBC}") = "FuncAndActionDelegate", "FuncAndActionDelegate\FuncAndActionDelegate.csproj", "{8EF78FC6-A657-4C65-95FA-258051CAC4E7}"
EndProject
Project("{FAE04EC0-301F-11D3-BF4B-00C04F79EFBC}") = "Tests", "Tests\Tests.csproj", "{6E26CC63-0C05-4706-98FF-35D14996ACB7}"
EndProject
Global
	GlobalSection(SolutionConfigurationPlatforms) = preSolution
		Debug|Any CPU = Debug|Any CPU
		Release|Any CPU = Release|Any CPU
	EndGlobalSection
	GlobalSection(ProjectConfigurationPlatforms) = postSolution
		{8EF78FC6-A657-4C65-95FA-258051CAC4E7}.Debug|Any CPU.ActiveCfg = Debug|Any CPU
		{8EF78FC6-A657-4C65-95FA-258051CAC4E7}.Debug|Any CPU.Build.0 = Debug|Any CPU
		{8EF78FC6-A657-4C65-95FA-258051CAC4E7}.Release|Any CPU.ActiveCfg = Release|Any CPU
		{8EF78FC6-A657-4C65-95FA-258051CAC4E7}.Release|Any CPU.Build.0 = Release|Any CPU
		{6E26CC63-0C05-4706-98FF-35D14996ACB7}.Debug|Any CPU.ActiveCfg = Debug|Any CPU
		{6E26CC63-0C05-4706-98FF-35D14996ACB7}.Debug|Any CPU.Build.0 = Debug|Any CPU
		{6E26CC63-0C05-4706-98FF-35D14996ACB7}.Release|Any CPU.ActiveCfg = Release|Any CPU
		{6E26CC63-0C05-4706-98FF-35D14996ACB7}.Release|Any CPU.Build.0 = Release|Any CPU
	EndGlobalSection
	GlobalSection(SolutionProperties) = preSolution
		HideSolutionNode = FALSE
	EndGlobalSection
	GlobalSection(ExtensibilityGlobals) = postSolution
		SolutionGuid = {97977D71-9245-4A04-9EA7-BDDD1D658526}
	EndGlobalSection
EndGlobal
