
Microsoft Visual Studio Solution File, Format Version 12.00
# Visual Studio Version 17
VisualStudioVersion = 17.7.34031.279
MinimumVisualStudioVersion = 10.0.40219.1
Project("{9A19103F-16F7-4668-BE54-9A1E7A4F7556}") = "ActionAndFuncDelegatesInCSharp", "ActionAndFuncDelegatesInCSharp\ActionAndFuncDelegatesInCSharp.csproj", "{B61C9B98-09AA-4B63-8819-88D7911EB021}"
EndProject
Project("{FAE04EC0-301F-11D3-BF4B-00C04F79EFBC}") = "ActionAndFuncDelegatesInCSharpTests", "ActionAndFuncDelegatesInCSharpTests\ActionAndFuncDelegatesInCSharpTests.csproj", "{302C4491-515D-4FC9-A862-FFC2E2DFA5F4}"
EndProject
Global
	GlobalSection(SolutionConfigurationPlatforms) = preSolution
		Debug|Any CPU = Debug|Any CPU
		Release|Any CPU = Release|Any CPU
	EndGlobalSection
	GlobalSection(ProjectConfigurationPlatforms) = postSolution
		{B61C9B98-09AA-4B63-8819-88D7911EB021}.Debug|Any CPU.ActiveCfg = Debug|Any CPU
		{B61C9B98-09AA-4B63-8819-88D7911EB021}.Debug|Any CPU.Build.0 = Debug|Any CPU
		{B61C9B98-09AA-4B63-8819-88D7911EB021}.Release|Any CPU.ActiveCfg = Release|Any CPU
		{B61C9B98-09AA-4B63-8819-88D7911EB021}.Release|Any CPU.Build.0 = Release|Any CPU
		{302C4491-515D-4FC9-A862-FFC2E2DFA5F4}.Debug|Any CPU.ActiveCfg = Debug|Any CPU
		{302C4491-515D-4FC9-A862-FFC2E2DFA5F4}.Debug|Any CPU.Build.0 = Debug|Any CPU
		{302C4491-515D-4FC9-A862-FFC2E2DFA5F4}.Release|Any CPU.ActiveCfg = Release|Any CPU
		{302C4491-515D-4FC9-A862-FFC2E2DFA5F4}.Release|Any CPU.Build.0 = Release|Any CPU
	EndGlobalSection
	GlobalSection(SolutionProperties) = preSolution
		HideSolutionNode = FALSE
	EndGlobalSection
	GlobalSection(ExtensibilityGlobals) = postSolution
		SolutionGuid = {59B1A662-57B2-442E-9AD6-C9CB00A451F4}
	EndGlobalSection
EndGlobal
