
Microsoft Visual Studio Solution File, Format Version 12.00
# Visual Studio Version 17
VisualStudioVersion = 17.5.33627.172
MinimumVisualStudioVersion = 10.0.40219.1
Project("{9A19103F-16F7-4668-BE54-9A1E7A4F7556}") = "ActionFuncDelegates", "ActionFuncDelegates\ActionFuncDelegates.csproj", "{E2F6C52C-8F35-41CF-9771-5ABC17B034D6}"
EndProject
Project("{FAE04EC0-301F-11D3-BF4B-00C04F79EFBC}") = "Test", "Test\Test.csproj", "{846E5B4F-3AF1-40DE-99F9-202C8802AE14}"
EndProject
Global
	GlobalSection(SolutionConfigurationPlatforms) = preSolution
		Debug|Any CPU = Debug|Any CPU
		Release|Any CPU = Release|Any CPU
	EndGlobalSection
	GlobalSection(ProjectConfigurationPlatforms) = postSolution
		{E2F6C52C-8F35-41CF-9771-5ABC17B034D6}.Debug|Any CPU.ActiveCfg = Debug|Any CPU
		{E2F6C52C-8F35-41CF-9771-5ABC17B034D6}.Debug|Any CPU.Build.0 = Debug|Any CPU
		{E2F6C52C-8F35-41CF-9771-5ABC17B034D6}.Release|Any CPU.ActiveCfg = Release|Any CPU
		{E2F6C52C-8F35-41CF-9771-5ABC17B034D6}.Release|Any CPU.Build.0 = Release|Any CPU
		{846E5B4F-3AF1-40DE-99F9-202C8802AE14}.Debug|Any CPU.ActiveCfg = Debug|Any CPU
		{846E5B4F-3AF1-40DE-99F9-202C8802AE14}.Debug|Any CPU.Build.0 = Debug|Any CPU
		{846E5B4F-3AF1-40DE-99F9-202C8802AE14}.Release|Any CPU.ActiveCfg = Release|Any CPU
		{846E5B4F-3AF1-40DE-99F9-202C8802AE14}.Release|Any CPU.Build.0 = Release|Any CPU
	EndGlobalSection
	GlobalSection(SolutionProperties) = preSolution
		HideSolutionNode = FALSE
	EndGlobalSection
	GlobalSection(ExtensibilityGlobals) = postSolution
		SolutionGuid = {DF4F25AA-9E01-4206-AC1D-EC2A4C4AFEAD}
	EndGlobalSection
EndGlobal
