
Microsoft Visual Studio Solution File, Format Version 12.00
# Visual Studio Version 17
VisualStudioVersion = 17.1.32407.343
MinimumVisualStudioVersion = 10.0.40219.1
Project("{9A19103F-16F7-4668-BE54-9A1E7A4F7556}") = "AnonymousTypesInCSharp", "AnonymousTypesInCSharp\AnonymousTypesInCSharp.csproj", "{0FF30327-F3DB-42AB-8A29-39555241B8CF}"
EndProject
Project("{FAE04EC0-301F-11D3-BF4B-00C04F79EFBC}") = "Tests", "Tests\Tests.csproj", "{4CF9E2F6-0BB5-4793-BA04-E05988850F55}"
EndProject
Global
	GlobalSection(SolutionConfigurationPlatforms) = preSolution
		Debug|Any CPU = Debug|Any CPU
		Release|Any CPU = Release|Any CPU
	EndGlobalSection
	GlobalSection(ProjectConfigurationPlatforms) = postSolution
		{0FF30327-F3DB-42AB-8A29-39555241B8CF}.Debug|Any CPU.ActiveCfg = Debug|Any CPU
		{0FF30327-F3DB-42AB-8A29-39555241B8CF}.Debug|Any CPU.Build.0 = Debug|Any CPU
		{0FF30327-F3DB-42AB-8A29-39555241B8CF}.Release|Any CPU.ActiveCfg = Release|Any CPU
		{0FF30327-F3DB-42AB-8A29-39555241B8CF}.Release|Any CPU.Build.0 = Release|Any CPU
		{4CF9E2F6-0BB5-4793-BA04-E05988850F55}.Debug|Any CPU.ActiveCfg = Debug|Any CPU
		{4CF9E2F6-0BB5-4793-BA04-E05988850F55}.Debug|Any CPU.Build.0 = Debug|Any CPU
		{4CF9E2F6-0BB5-4793-BA04-E05988850F55}.Release|Any CPU.ActiveCfg = Release|Any CPU
		{4CF9E2F6-0BB5-4793-BA04-E05988850F55}.Release|Any CPU.Build.0 = Release|Any CPU
	EndGlobalSection
	GlobalSection(SolutionProperties) = preSolution
		HideSolutionNode = FALSE
	EndGlobalSection
	GlobalSection(ExtensibilityGlobals) = postSolution
		SolutionGuid = {EFDF15AB-3D75-44AE-9C77-4C91EE702821}
	EndGlobalSection
EndGlobal
