
Microsoft Visual Studio Solution File, Format Version 12.00
# Visual Studio Version 17
VisualStudioVersion = 17.8.34316.72
MinimumVisualStudioVersion = 10.0.40219.1
Project("{9A19103F-16F7-4668-BE54-9A1E7A4F7556}") = "ByteRepresentationOfStrings", "ByteRepresentationOfStrings\ByteRepresentationOfStrings.csproj", "{40560ECA-F4DC-480E-BAD5-A2F7E249982E}"
EndProject
Project("{FAE04EC0-301F-11D3-BF4B-00C04F79EFBC}") = "Tests", "Tests\Tests.csproj", "{02924F75-CBC5-4211-B462-2A4865E9D18C}"
EndProject
Global
	GlobalSection(SolutionConfigurationPlatforms) = preSolution
		Debug|Any CPU = Debug|Any CPU
		Release|Any CPU = Release|Any CPU
	EndGlobalSection
	GlobalSection(ProjectConfigurationPlatforms) = postSolution
		{40560ECA-F4DC-480E-BAD5-A2F7E249982E}.Debug|Any CPU.ActiveCfg = Debug|Any CPU
		{40560ECA-F4DC-480E-BAD5-A2F7E249982E}.Debug|Any CPU.Build.0 = Debug|Any CPU
		{40560ECA-F4DC-480E-BAD5-A2F7E249982E}.Release|Any CPU.ActiveCfg = Release|Any CPU
		{40560ECA-F4DC-480E-BAD5-A2F7E249982E}.Release|Any CPU.Build.0 = Release|Any CPU
		{02924F75-CBC5-4211-B462-2A4865E9D18C}.Debug|Any CPU.ActiveCfg = Debug|Any CPU
		{02924F75-CBC5-4211-B462-2A4865E9D18C}.Debug|Any CPU.Build.0 = Debug|Any CPU
		{02924F75-CBC5-4211-B462-2A4865E9D18C}.Release|Any CPU.ActiveCfg = Release|Any CPU
		{02924F75-CBC5-4211-B462-2A4865E9D18C}.Release|Any CPU.Build.0 = Release|Any CPU
	EndGlobalSection
	GlobalSection(SolutionProperties) = preSolution
		HideSolutionNode = FALSE
	EndGlobalSection
	GlobalSection(ExtensibilityGlobals) = postSolution
		SolutionGuid = {6F63F9C2-5637-45EF-A52D-5B3F993DF3D3}
	EndGlobalSection
EndGlobal
