
Microsoft Visual Studio Solution File, Format Version 12.00
# Visual Studio Version 17
VisualStudioVersion = 17.0.31919.166
MinimumVisualStudioVersion = 10.0.40219.1
Project("{9A19103F-16F7-4668-BE54-9A1E7A4F7556}") = "ExpressionBodiedMembersInCsharp", "ExpressionBodiedMembersInCsharp\ExpressionBodiedMembersInCsharp.csproj", "{D0857519-D7F5-4ECE-B941-762FFBC49127}"
EndProject
Project("{FAE04EC0-301F-11D3-BF4B-00C04F79EFBC}") = "Test", "Test\Test.csproj", "{8CD6CE38-4A8B-4E1D-B97D-FC64A40A35BC}"
EndProject
Global
	GlobalSection(SolutionConfigurationPlatforms) = preSolution
		Debug|Any CPU = Debug|Any CPU
		Release|Any CPU = Release|Any CPU
	EndGlobalSection
	GlobalSection(ProjectConfigurationPlatforms) = postSolution
		{D0857519-D7F5-4ECE-B941-762FFBC49127}.Debug|Any CPU.ActiveCfg = Debug|Any CPU
		{D0857519-D7F5-4ECE-B941-762FFBC49127}.Debug|Any CPU.Build.0 = Debug|Any CPU
		{D0857519-D7F5-4ECE-B941-762FFBC49127}.Release|Any CPU.ActiveCfg = Release|Any CPU
		{D0857519-D7F5-4ECE-B941-762FFBC49127}.Release|Any CPU.Build.0 = Release|Any CPU
		{8CD6CE38-4A8B-4E1D-B97D-FC64A40A35BC}.Debug|Any CPU.ActiveCfg = Debug|Any CPU
		{8CD6CE38-4A8B-4E1D-B97D-FC64A40A35BC}.Debug|Any CPU.Build.0 = Debug|Any CPU
		{8CD6CE38-4A8B-4E1D-B97D-FC64A40A35BC}.Release|Any CPU.ActiveCfg = Release|Any CPU
		{8CD6CE38-4A8B-4E1D-B97D-FC64A40A35BC}.Release|Any CPU.Build.0 = Release|Any CPU
	EndGlobalSection
	GlobalSection(SolutionProperties) = preSolution
		HideSolutionNode = FALSE
	EndGlobalSection
	GlobalSection(ExtensibilityGlobals) = postSolution
		SolutionGuid = {EB103DC1-6E13-4140-A6BF-08EB1DD6A9A4}
	EndGlobalSection
EndGlobal
