
Microsoft Visual Studio Solution File, Format Version 12.00
Project("{FAE04EC0-301F-11D3-BF4B-00C04F79EFBC}") = "DecimalPrecision", "DecimalPrecision\DecimalPrecision.csproj", "{16D5F6D3-92FD-438A-BA61-D290FADF3037}"
EndProject
Project("{FAE04EC0-301F-11D3-BF4B-00C04F79EFBC}") = "Tests", "Tests\Tests.csproj", "{E6B6FAB2-44F0-4650-9230-850EF2C79DB8}"
EndProject
Global
	GlobalSection(SolutionConfigurationPlatforms) = preSolution
		Debug|Any CPU = Debug|Any CPU
		Release|Any CPU = Release|Any CPU
	EndGlobalSection
	GlobalSection(ProjectConfigurationPlatforms) = postSolution
		{16D5F6D3-92FD-438A-BA61-D290FADF3037}.Debug|Any CPU.ActiveCfg = Debug|Any CPU
		{16D5F6D3-92FD-438A-BA61-D290FADF3037}.Debug|Any CPU.Build.0 = Debug|Any CPU
		{16D5F6D3-92FD-438A-BA61-D290FADF3037}.Release|Any CPU.ActiveCfg = Release|Any CPU
		{16D5F6D3-92FD-438A-BA61-D290FADF3037}.Release|Any CPU.Build.0 = Release|Any CPU
		{E6B6FAB2-44F0-4650-9230-850EF2C79DB8}.Debug|Any CPU.ActiveCfg = Debug|Any CPU
		{E6B6FAB2-44F0-4650-9230-850EF2C79DB8}.Debug|Any CPU.Build.0 = Debug|Any CPU
		{E6B6FAB2-44F0-4650-9230-850EF2C79DB8}.Release|Any CPU.ActiveCfg = Release|Any CPU
		{E6B6FAB2-44F0-4650-9230-850EF2C79DB8}.Release|Any CPU.Build.0 = Release|Any CPU
	EndGlobalSection
EndGlobal
