
Microsoft Visual Studio Solution File, Format Version 12.00
Project("{FAE04EC0-301F-11D3-BF4B-00C04F79EFBC}") = "App", "App\App.csproj", "{29FD9987-F235-4B67-A0BE-491B0B93E73D}"
EndProject
Project("{FAE04EC0-301F-11D3-BF4B-00C04F79EFBC}") = "Tests", "Tests\Tests.csproj", "{2B493E3B-6F37-455D-9B80-5ED56CA86CB2}"
EndProject
Global
	GlobalSection(SolutionConfigurationPlatforms) = preSolution
		Debug|Any CPU = Debug|Any CPU
		Release|Any CPU = Release|Any CPU
	EndGlobalSection
	GlobalSection(ProjectConfigurationPlatforms) = postSolution
		{29FD9987-F235-4B67-A0BE-491B0B93E73D}.Debug|Any CPU.ActiveCfg = Debug|Any CPU
		{29FD9987-F235-4B67-A0BE-491B0B93E73D}.Debug|Any CPU.Build.0 = Debug|Any CPU
		{29FD9987-F235-4B67-A0BE-491B0B93E73D}.Release|Any CPU.ActiveCfg = Release|Any CPU
		{29FD9987-F235-4B67-A0BE-491B0B93E73D}.Release|Any CPU.Build.0 = Release|Any CPU
		{2B493E3B-6F37-455D-9B80-5ED56CA86CB2}.Debug|Any CPU.ActiveCfg = Debug|Any CPU
		{2B493E3B-6F37-455D-9B80-5ED56CA86CB2}.Debug|Any CPU.Build.0 = Debug|Any CPU
		{2B493E3B-6F37-455D-9B80-5ED56CA86CB2}.Release|Any CPU.ActiveCfg = Release|Any CPU
		{2B493E3B-6F37-455D-9B80-5ED56CA86CB2}.Release|Any CPU.Build.0 = Release|Any CPU
	EndGlobalSection
EndGlobal
