
Microsoft Visual Studio Solution File, Format Version 12.00
# Visual Studio Version 17
VisualStudioVersion = 17.5.33414.496
MinimumVisualStudioVersion = 10.0.40219.1
Project("{9A19103F-16F7-4668-BE54-9A1E7A4F7556}") = "Action_and_Function_Delegates", "ConsoleApp1\Action_and_Function_Delegates.csproj", "{22B27145-CDE8-45FF-8B73-D8C5C2E08CC3}"
EndProject
Project("{FAE04EC0-301F-11D3-BF4B-00C04F79EFBC}") = "TestActionAndFunctionDelegates", "TestActionAndFunctionDelegates\TestActionAndFunctionDelegates.csproj", "{EE62D498-0CA8-45CF-8FA0-7275D14F6A28}"
EndProject
Global
	GlobalSection(SolutionConfigurationPlatforms) = preSolution
		Debug|Any CPU = Debug|Any CPU
		Release|Any CPU = Release|Any CPU
	EndGlobalSection
	GlobalSection(ProjectConfigurationPlatforms) = postSolution
		{22B27145-CDE8-45FF-8B73-D8C5C2E08CC3}.Debug|Any CPU.ActiveCfg = Debug|Any CPU
		{22B27145-CDE8-45FF-8B73-D8C5C2E08CC3}.Debug|Any CPU.Build.0 = Debug|Any CPU
		{22B27145-CDE8-45FF-8B73-D8C5C2E08CC3}.Release|Any CPU.ActiveCfg = Release|Any CPU
		{22B27145-CDE8-45FF-8B73-D8C5C2E08CC3}.Release|Any CPU.Build.0 = Release|Any CPU
		{EE62D498-0CA8-45CF-8FA0-7275D14F6A28}.Debug|Any CPU.ActiveCfg = Debug|Any CPU
		{EE62D498-0CA8-45CF-8FA0-7275D14F6A28}.Debug|Any CPU.Build.0 = Debug|Any CPU
		{EE62D498-0CA8-45CF-8FA0-7275D14F6A28}.Release|Any CPU.ActiveCfg = Release|Any CPU
		{EE62D498-0CA8-45CF-8FA0-7275D14F6A28}.Release|Any CPU.Build.0 = Release|Any CPU
	EndGlobalSection
	GlobalSection(SolutionProperties) = preSolution
		HideSolutionNode = FALSE
	EndGlobalSection
	GlobalSection(ExtensibilityGlobals) = postSolution
		SolutionGuid = {5094A077-A9FF-43FC-919D-047F5978EF92}
	EndGlobalSection
EndGlobal
