
Microsoft Visual Studio Solution File, Format Version 12.00
# Visual Studio Version 16
VisualStudioVersion = 16.0.30114.105
MinimumVisualStudioVersion = 10.0.40219.1
Project("{FAE04EC0-301F-11D3-BF4B-00C04F79EFBC}") = "ActionAndFuncExample", "ActionAndFuncExample\ActionAndFuncExample.csproj", "{3332C3D2-F88C-47E0-8633-69C863EAD416}"
EndProject
Project("{FAE04EC0-301F-11D3-BF4B-00C04F79EFBC}") = "Tests", "Tests\Tests.csproj", "{60B7D201-0323-4167-A4E0-79B101428A00}"
EndProject
Global
	GlobalSection(SolutionConfigurationPlatforms) = preSolution
		Debug|Any CPU = Debug|Any CPU
		Release|Any CPU = Release|Any CPU
	EndGlobalSection
	GlobalSection(SolutionProperties) = preSolution
		HideSolutionNode = FALSE
	EndGlobalSection
	GlobalSection(ProjectConfigurationPlatforms) = postSolution
		{3332C3D2-F88C-47E0-8633-69C863EAD416}.Debug|Any CPU.ActiveCfg = Debug|Any CPU
		{3332C3D2-F88C-47E0-8633-69C863EAD416}.Debug|Any CPU.Build.0 = Debug|Any CPU
		{3332C3D2-F88C-47E0-8633-69C863EAD416}.Release|Any CPU.ActiveCfg = Release|Any CPU
		{3332C3D2-F88C-47E0-8633-69C863EAD416}.Release|Any CPU.Build.0 = Release|Any CPU
		{60B7D201-0323-4167-A4E0-79B101428A00}.Debug|Any CPU.ActiveCfg = Debug|Any CPU
		{60B7D201-0323-4167-A4E0-79B101428A00}.Debug|Any CPU.Build.0 = Debug|Any CPU
		{60B7D201-0323-4167-A4E0-79B101428A00}.Release|Any CPU.ActiveCfg = Release|Any CPU
		{60B7D201-0323-4167-A4E0-79B101428A00}.Release|Any CPU.Build.0 = Release|Any CPU
	EndGlobalSection
EndGlobal
