
Microsoft Visual Studio Solution File, Format Version 12.00
# Visual Studio Version 17
VisualStudioVersion = 17.1.32421.90
MinimumVisualStudioVersion = 10.0.40219.1
Project("{9A19103F-16F7-4668-BE54-9A1E7A4F7556}") = "ActionAndFuncExample", "ActionAndFuncExample.csproj", "{E7326588-38BD-4DB1-A15A-875D9EB60CE2}"
EndProject
Global
	GlobalSection(SolutionConfigurationPlatforms) = preSolution
		Debug|Any CPU = Debug|Any CPU
		Release|Any CPU = Release|Any CPU
	EndGlobalSection
	GlobalSection(ProjectConfigurationPlatforms) = postSolution
		{E7326588-38BD-4DB1-A15A-875D9EB60CE2}.Debug|Any CPU.ActiveCfg = Debug|Any CPU
		{E7326588-38BD-4DB1-A15A-875D9EB60CE2}.Debug|Any CPU.Build.0 = Debug|Any CPU
		{E7326588-38BD-4DB1-A15A-875D9EB60CE2}.Release|Any CPU.ActiveCfg = Release|Any CPU
		{E7326588-38BD-4DB1-A15A-875D9EB60CE2}.Release|Any CPU.Build.0 = Release|Any CPU
	EndGlobalSection
	GlobalSection(SolutionProperties) = preSolution
		HideSolutionNode = FALSE
	EndGlobalSection
	GlobalSection(ExtensibilityGlobals) = postSolution
		SolutionGuid = {5C14E1F4-B605-4DB9-BAF2-E179F628A372}
	EndGlobalSection
EndGlobal
