
Microsoft Visual Studio Solution File, Format Version 12.00
# Visual Studio Version 17
VisualStudioVersion = 17.5.33502.453
MinimumVisualStudioVersion = 10.0.40219.1
Project("{FAE04EC0-301F-11D3-BF4B-00C04F79EFBC}") = "Tests", "Tests\Tests.csproj", "{F46A90CF-C399-4933-AE1A-C2B7F32130E6}"
EndProject
Project("{FAE04EC0-301F-11D3-BF4B-00C04F79EFBC}") = "EmptyStringArrayFactory", "EmptyStringArrayFactory\EmptyStringArrayFactory.csproj", "{D19BD8A2-5288-48BE-8E31-552EAF311DC9}"
EndProject
Global
	GlobalSection(SolutionConfigurationPlatforms) = preSolution
		Debug|Any CPU = Debug|Any CPU
		Release|Any CPU = Release|Any CPU
	EndGlobalSection
	GlobalSection(ProjectConfigurationPlatforms) = postSolution
		{F46A90CF-C399-4933-AE1A-C2B7F32130E6}.Debug|Any CPU.ActiveCfg = Debug|Any CPU
		{F46A90CF-C399-4933-AE1A-C2B7F32130E6}.Debug|Any CPU.Build.0 = Debug|Any CPU
		{F46A90CF-C399-4933-AE1A-C2B7F32130E6}.Release|Any CPU.ActiveCfg = Release|Any CPU
		{F46A90CF-C399-4933-AE1A-C2B7F32130E6}.Release|Any CPU.Build.0 = Release|Any CPU
		{D19BD8A2-5288-48BE-8E31-552EAF311DC9}.Debug|Any CPU.ActiveCfg = Debug|Any CPU
		{D19BD8A2-5288-48BE-8E31-552EAF311DC9}.Debug|Any CPU.Build.0 = Debug|Any CPU
		{D19BD8A2-5288-48BE-8E31-552EAF311DC9}.Release|Any CPU.ActiveCfg = Release|Any CPU
		{D19BD8A2-5288-48BE-8E31-552EAF311DC9}.Release|Any CPU.Build.0 = Release|Any CPU
	EndGlobalSection
	GlobalSection(SolutionProperties) = preSolution
		HideSolutionNode = FALSE
	EndGlobalSection
	GlobalSection(ExtensibilityGlobals) = postSolution
		SolutionGuid = {F54BD9DD-E587-45CE-A153-C2F35FEC865B}
	EndGlobalSection
EndGlobal
