
Microsoft Visual Studio Solution File, Format Version 12.00
# Visual Studio Version 16
VisualStudioVersion = 16.0.31729.503
MinimumVisualStudioVersion = 10.0.40219.1
Project("{9A19103F-16F7-4668-BE54-9A1E7A4F7556}") = "PasswordlessAuthentication", "PasswordlessAuthentication\PasswordlessAuthentication.csproj", "{2DC71BD0-3B81-4E58-A61D-32626A0D54AA}"
EndProject
Project("{FAE04EC0-301F-11D3-BF4B-00C04F79EFBC}") = "Tests", "Tests\Tests.csproj", "{54E43A0B-9CA1-4B6B-BEDE-E3514B3929AB}"
EndProject
Global
	GlobalSection(SolutionConfigurationPlatforms) = preSolution
		Debug|Any CPU = Debug|Any CPU
		Release|Any CPU = Release|Any CPU
	EndGlobalSection
	GlobalSection(ProjectConfigurationPlatforms) = postSolution
		{2DC71BD0-3B81-4E58-A61D-32626A0D54AA}.Debug|Any CPU.ActiveCfg = Debug|Any CPU
		{2DC71BD0-3B81-4E58-A61D-32626A0D54AA}.Debug|Any CPU.Build.0 = Debug|Any CPU
		{2DC71BD0-3B81-4E58-A61D-32626A0D54AA}.Release|Any CPU.ActiveCfg = Release|Any CPU
		{2DC71BD0-3B81-4E58-A61D-32626A0D54AA}.Release|Any CPU.Build.0 = Release|Any CPU
		{54E43A0B-9CA1-4B6B-BEDE-E3514B3929AB}.Debug|Any CPU.ActiveCfg = Debug|Any CPU
		{54E43A0B-9CA1-4B6B-BEDE-E3514B3929AB}.Debug|Any CPU.Build.0 = Debug|Any CPU
		{54E43A0B-9CA1-4B6B-BEDE-E3514B3929AB}.Release|Any CPU.ActiveCfg = Release|Any CPU
		{54E43A0B-9CA1-4B6B-BEDE-E3514B3929AB}.Release|Any CPU.Build.0 = Release|Any CPU
	EndGlobalSection
	GlobalSection(SolutionProperties) = preSolution
		HideSolutionNode = FALSE
	EndGlobalSection
	GlobalSection(ExtensibilityGlobals) = postSolution
		SolutionGuid = {EA6C870D-7834-4F0C-ABFB-3B01A0CF05B6}
	EndGlobalSection
EndGlobal
