
Microsoft Visual Studio Solution File, Format Version 12.00
# Visual Studio Version 17
VisualStudioVersion = 17.9.34728.123
MinimumVisualStudioVersion = 10.0.40219.1
Project("{FAE04EC0-301F-11D3-BF4B-00C04F79EFBC}") = "LookupInCSharp", "LookupInCSharp\LookupInCSharp.csproj", "{441FAB27-F67F-49A5-B8EA-BFBE6B556A97}"
EndProject
Project("{FAE04EC0-301F-11D3-BF4B-00C04F79EFBC}") = "Tests", "Tests\Tests.csproj", "{472FA2EE-1A7B-4413-B7B2-345F802F30D8}"
EndProject
Global
	GlobalSection(SolutionConfigurationPlatforms) = preSolution
		Debug|Any CPU = Debug|Any CPU
		Release|Any CPU = Release|Any CPU
	EndGlobalSection
	GlobalSection(ProjectConfigurationPlatforms) = postSolution
		{441FAB27-F67F-49A5-B8EA-BFBE6B556A97}.Debug|Any CPU.ActiveCfg = Debug|Any CPU
		{441FAB27-F67F-49A5-B8EA-BFBE6B556A97}.Debug|Any CPU.Build.0 = Debug|Any CPU
		{441FAB27-F67F-49A5-B8EA-BFBE6B556A97}.Release|Any CPU.ActiveCfg = Release|Any CPU
		{441FAB27-F67F-49A5-B8EA-BFBE6B556A97}.Release|Any CPU.Build.0 = Release|Any CPU
		{472FA2EE-1A7B-4413-B7B2-345F802F30D8}.Debug|Any CPU.ActiveCfg = Debug|Any CPU
		{472FA2EE-1A7B-4413-B7B2-345F802F30D8}.Debug|Any CPU.Build.0 = Debug|Any CPU
		{472FA2EE-1A7B-4413-B7B2-345F802F30D8}.Release|Any CPU.ActiveCfg = Release|Any CPU
		{472FA2EE-1A7B-4413-B7B2-345F802F30D8}.Release|Any CPU.Build.0 = Release|Any CPU
	EndGlobalSection
	GlobalSection(SolutionProperties) = preSolution
		HideSolutionNode = FALSE
	EndGlobalSection
	GlobalSection(ExtensibilityGlobals) = postSolution
		SolutionGuid = {B09AADA6-E226-4A7B-81C8-A3E686AB7D70}
	EndGlobalSection
EndGlobal
