
Microsoft Visual Studio Solution File, Format Version 12.00
# Visual Studio Version 16
VisualStudioVersion = 16.0.30114.105
MinimumVisualStudioVersion = 10.0.40219.1
Project("{FAE04EC0-301F-11D3-BF4B-00C04F79EFBC}") = "CheckMethodIsCalledWithMoq", "CheckMethodIsCalledWithMoq\CheckMethodIsCalledWithMoq.csproj", "{A5E757CF-78CA-4B69-9908-EF894AB43EEC}"
EndProject
Project("{FAE04EC0-301F-11D3-BF4B-00C04F79EFBC}") = "Tests", "Tests\Tests.csproj", "{8EC74A81-301F-444D-995C-4256E13175CD}"
EndProject
Global
	GlobalSection(SolutionConfigurationPlatforms) = preSolution
		Debug|Any CPU = Debug|Any CPU
		Release|Any CPU = Release|Any CPU
	EndGlobalSection
	GlobalSection(SolutionProperties) = preSolution
		HideSolutionNode = FALSE
	EndGlobalSection
	GlobalSection(ProjectConfigurationPlatforms) = postSolution
		{A5E757CF-78CA-4B69-9908-EF894AB43EEC}.Debug|Any CPU.ActiveCfg = Debug|Any CPU
		{A5E757CF-78CA-4B69-9908-EF894AB43EEC}.Debug|Any CPU.Build.0 = Debug|Any CPU
		{A5E757CF-78CA-4B69-9908-EF894AB43EEC}.Release|Any CPU.ActiveCfg = Release|Any CPU
		{A5E757CF-78CA-4B69-9908-EF894AB43EEC}.Release|Any CPU.Build.0 = Release|Any CPU
		{8EC74A81-301F-444D-995C-4256E13175CD}.Debug|Any CPU.ActiveCfg = Debug|Any CPU
		{8EC74A81-301F-444D-995C-4256E13175CD}.Debug|Any CPU.Build.0 = Debug|Any CPU
		{8EC74A81-301F-444D-995C-4256E13175CD}.Release|Any CPU.ActiveCfg = Release|Any CPU
		{8EC74A81-301F-444D-995C-4256E13175CD}.Release|Any CPU.Build.0 = Release|Any CPU
	EndGlobalSection
EndGlobal
