
Microsoft Visual Studio Solution File, Format Version 12.00
# Visual Studio Version 17
VisualStudioVersion = 17.8.34330.188
MinimumVisualStudioVersion = 10.0.40219.1
Project("{9A19103F-16F7-4668-BE54-9A1E7A4F7556}") = "GrpcService", "GrpcService\GrpcService.csproj", "{A16219E0-B952-4E94-A1A3-CFD23BD20274}"
EndProject
Project("{9A19103F-16F7-4668-BE54-9A1E7A4F7556}") = "GrpcServiceTests", "GrpcServiceTests\GrpcServiceTests.csproj", "{ACDB278E-4C09-4E65-8D2F-6C3729631BB7}"
EndProject
Global
	GlobalSection(SolutionConfigurationPlatforms) = preSolution
		Debug|Any CPU = Debug|Any CPU
		Release|Any CPU = Release|Any CPU
	EndGlobalSection
	GlobalSection(ProjectConfigurationPlatforms) = postSolution
		{A16219E0-B952-4E94-A1A3-CFD23BD20274}.Debug|Any CPU.ActiveCfg = Debug|Any CPU
		{A16219E0-B952-4E94-A1A3-CFD23BD20274}.Debug|Any CPU.Build.0 = Debug|Any CPU
		{A16219E0-B952-4E94-A1A3-CFD23BD20274}.Release|Any CPU.ActiveCfg = Release|Any CPU
		{A16219E0-B952-4E94-A1A3-CFD23BD20274}.Release|Any CPU.Build.0 = Release|Any CPU
		{ACDB278E-4C09-4E65-8D2F-6C3729631BB7}.Debug|Any CPU.ActiveCfg = Debug|Any CPU
		{ACDB278E-4C09-4E65-8D2F-6C3729631BB7}.Debug|Any CPU.Build.0 = Debug|Any CPU
		{ACDB278E-4C09-4E65-8D2F-6C3729631BB7}.Release|Any CPU.ActiveCfg = Release|Any CPU
		{ACDB278E-4C09-4E65-8D2F-6C3729631BB7}.Release|Any CPU.Build.0 = Release|Any CPU
	EndGlobalSection
	GlobalSection(SolutionProperties) = preSolution
		HideSolutionNode = FALSE
	EndGlobalSection
	GlobalSection(ExtensibilityGlobals) = postSolution
		SolutionGuid = {6A1BD129-7D9B-4D47-9B3C-95BC2181B9C4}
	EndGlobalSection
EndGlobal
