
Microsoft Visual Studio Solution File, Format Version 12.00
# Visual Studio Version 17
VisualStudioVersion = 17.4.33205.214
MinimumVisualStudioVersion = 10.0.40219.1
Project("{FAE04EC0-301F-11D3-BF4B-00C04F79EFBC}") = "ClassStructOrRecordInCSharp", "ClassStructOrRecordInCSharp.csproj", "{FF325987-EC7A-4B1B-9982-668940A86F73}"
EndProject
Global
	GlobalSection(SolutionConfigurationPlatforms) = preSolution
		Debug|Any CPU = Debug|Any CPU
		Release|Any CPU = Release|Any CPU
	EndGlobalSection
	GlobalSection(ProjectConfigurationPlatforms) = postSolution
		{FF325987-EC7A-4B1B-9982-668940A86F73}.Debug|Any CPU.ActiveCfg = Debug|Any CPU
		{FF325987-EC7A-4B1B-9982-668940A86F73}.Debug|Any CPU.Build.0 = Debug|Any CPU
		{FF325987-EC7A-4B1B-9982-668940A86F73}.Release|Any CPU.ActiveCfg = Release|Any CPU
		{FF325987-EC7A-4B1B-9982-668940A86F73}.Release|Any CPU.Build.0 = Release|Any CPU
	EndGlobalSection
	GlobalSection(SolutionProperties) = preSolution
		HideSolutionNode = FALSE
	EndGlobalSection
	GlobalSection(ExtensibilityGlobals) = postSolution
		SolutionGuid = {765AFC13-2290-4A88-89ED-E21F507DA1CE}
	EndGlobalSection
EndGlobal
