
Microsoft Visual Studio Solution File, Format Version 12.00
# Visual Studio Version 17
VisualStudioVersion = 17.0.32014.148
MinimumVisualStudioVersion = 10.0.40219.1
Project("{FAE04EC0-301F-11D3-BF4B-00C04F79EFBC}") = "SelectionSort", "SelectionSort\SelectionSort.csproj", "{64B41AF2-9AFC-4835-A29E-27580AACB20E}"
EndProject
Project("{FAE04EC0-301F-11D3-BF4B-00C04F79EFBC}") = "SelectionSortTest", "SelectionSortTest\SelectionSortTest.csproj", "{7E842823-9EF7-48DC-93F8-7D1A31900DDC}"
EndProject
Global
	GlobalSection(SolutionConfigurationPlatforms) = preSolution
		Debug|Any CPU = Debug|Any CPU
		Release|Any CPU = Release|Any CPU
	EndGlobalSection
	GlobalSection(ProjectConfigurationPlatforms) = postSolution
		{64B41AF2-9AFC-4835-A29E-27580AACB20E}.Debug|Any CPU.ActiveCfg = Debug|Any CPU
		{64B41AF2-9AFC-4835-A29E-27580AACB20E}.Debug|Any CPU.Build.0 = Debug|Any CPU
		{64B41AF2-9AFC-4835-A29E-27580AACB20E}.Release|Any CPU.ActiveCfg = Release|Any CPU
		{64B41AF2-9AFC-4835-A29E-27580AACB20E}.Release|Any CPU.Build.0 = Release|Any CPU
		{7E842823-9EF7-48DC-93F8-7D1A31900DDC}.Debug|Any CPU.ActiveCfg = Debug|Any CPU
		{7E842823-9EF7-48DC-93F8-7D1A31900DDC}.Debug|Any CPU.Build.0 = Debug|Any CPU
		{7E842823-9EF7-48DC-93F8-7D1A31900DDC}.Release|Any CPU.ActiveCfg = Release|Any CPU
		{7E842823-9EF7-48DC-93F8-7D1A31900DDC}.Release|Any CPU.Build.0 = Release|Any CPU
	EndGlobalSection
	GlobalSection(SolutionProperties) = preSolution
		HideSolutionNode = FALSE
	EndGlobalSection
	GlobalSection(ExtensibilityGlobals) = postSolution
		SolutionGuid = {82056C41-BB57-413E-999D-94B26EA22BB3}
	EndGlobalSection
EndGlobal
