
Microsoft Visual Studio Solution File, Format Version 12.00
# Visual Studio Version 17
VisualStudioVersion = 17.5.33530.505
MinimumVisualStudioVersion = 10.0.40219.1
Project("{9A19103F-16F7-4668-BE54-9A1E7A4F7556}") = "SagaPattern", "SagaPattern\SagaPattern.csproj", "{F87C3F2B-A5BD-4973-AAFE-A0F80677CA69}"
EndProject
Project("{FAE04EC0-301F-11D3-BF4B-00C04F79EFBC}") = "SagaPatternTests", "SagaPatternTests\SagaPatternTests.csproj", "{C0186A4E-47F1-4CB3-A29E-3A68A0A49E5B}"
EndProject
Global
	GlobalSection(SolutionConfigurationPlatforms) = preSolution
		Debug|Any CPU = Debug|Any CPU
		Release|Any CPU = Release|Any CPU
	EndGlobalSection
	GlobalSection(ProjectConfigurationPlatforms) = postSolution
		{F87C3F2B-A5BD-4973-AAFE-A0F80677CA69}.Debug|Any CPU.ActiveCfg = Debug|Any CPU
		{F87C3F2B-A5BD-4973-AAFE-A0F80677CA69}.Debug|Any CPU.Build.0 = Debug|Any CPU
		{F87C3F2B-A5BD-4973-AAFE-A0F80677CA69}.Release|Any CPU.ActiveCfg = Release|Any CPU
		{F87C3F2B-A5BD-4973-AAFE-A0F80677CA69}.Release|Any CPU.Build.0 = Release|Any CPU
		{C0186A4E-47F1-4CB3-A29E-3A68A0A49E5B}.Debug|Any CPU.ActiveCfg = Debug|Any CPU
		{C0186A4E-47F1-4CB3-A29E-3A68A0A49E5B}.Debug|Any CPU.Build.0 = Debug|Any CPU
		{C0186A4E-47F1-4CB3-A29E-3A68A0A49E5B}.Release|Any CPU.ActiveCfg = Release|Any CPU
		{C0186A4E-47F1-4CB3-A29E-3A68A0A49E5B}.Release|Any CPU.Build.0 = Release|Any CPU
	EndGlobalSection
	GlobalSection(SolutionProperties) = preSolution
		HideSolutionNode = FALSE
	EndGlobalSection
	GlobalSection(ExtensibilityGlobals) = postSolution
		SolutionGuid = {DE7E537D-B8A8-4F37-ABCA-C8DCABE3718B}
	EndGlobalSection
EndGlobal
