
Microsoft Visual Studio Solution File, Format Version 12.00
# Visual Studio Version 17
VisualStudioVersion = 17.1.32421.90
MinimumVisualStudioVersion = 10.0.40219.1
Project("{9A19103F-16F7-4668-BE54-9A1E7A4F7556}") = "Delegates", "Delegates\Delegates.csproj", "{20442E95-AAF7-4CF8-BEBD-C2229C7133A5}"
EndProject
Project("{FAE04EC0-301F-11D3-BF4B-00C04F79EFBC}") = "Tests", "Tests\Tests.csproj", "{696C03D8-ECCE-489B-8951-4A386BB5EC33}"
EndProject
Global
	GlobalSection(SolutionConfigurationPlatforms) = preSolution
		Debug|Any CPU = Debug|Any CPU
		Release|Any CPU = Release|Any CPU
	EndGlobalSection
	GlobalSection(ProjectConfigurationPlatforms) = postSolution
		{20442E95-AAF7-4CF8-BEBD-C2229C7133A5}.Debug|Any CPU.ActiveCfg = Debug|Any CPU
		{20442E95-AAF7-4CF8-BEBD-C2229C7133A5}.Debug|Any CPU.Build.0 = Debug|Any CPU
		{20442E95-AAF7-4CF8-BEBD-C2229C7133A5}.Release|Any CPU.ActiveCfg = Release|Any CPU
		{20442E95-AAF7-4CF8-BEBD-C2229C7133A5}.Release|Any CPU.Build.0 = Release|Any CPU
		{696C03D8-ECCE-489B-8951-4A386BB5EC33}.Debug|Any CPU.ActiveCfg = Debug|Any CPU
		{696C03D8-ECCE-489B-8951-4A386BB5EC33}.Debug|Any CPU.Build.0 = Debug|Any CPU
		{696C03D8-ECCE-489B-8951-4A386BB5EC33}.Release|Any CPU.ActiveCfg = Release|Any CPU
		{696C03D8-ECCE-489B-8951-4A386BB5EC33}.Release|Any CPU.Build.0 = Release|Any CPU
	EndGlobalSection
	GlobalSection(SolutionProperties) = preSolution
		HideSolutionNode = FALSE
	EndGlobalSection
	GlobalSection(ExtensibilityGlobals) = postSolution
		SolutionGuid = {045E1030-C562-47D0-B0B4-69B7014CBCD1}
	EndGlobalSection
EndGlobal
