
Microsoft Visual Studio Solution File, Format Version 12.00
# Visual Studio Version 17
VisualStudioVersion = 17.2.32616.157
MinimumVisualStudioVersion = 10.0.40219.1
Project("{9A19103F-16F7-4668-BE54-9A1E7A4F7556}") = "StringArrayToString", "StringArrayToString\StringArrayToString.csproj", "{42629104-70FC-4178-848F-8BDF47ED0BE1}"
EndProject
Project("{9A19103F-16F7-4668-BE54-9A1E7A4F7556}") = "Tests", "Tests\Tests.csproj", "{86A12AAF-C105-402B-9CC6-F403C1339CD8}"
EndProject
Project("{FAE04EC0-301F-11D3-BF4B-00C04F79EFBC}") = "BenchmarkRunner", "BenchmarkRunner\BenchmarkRunner.csproj", "{DBBFE940-F1D7-46F9-B2F5-612B313534EA}"
EndProject
Global
	GlobalSection(SolutionConfigurationPlatforms) = preSolution
		Debug|Any CPU = Debug|Any CPU
		Release|Any CPU = Release|Any CPU
	EndGlobalSection
	GlobalSection(ProjectConfigurationPlatforms) = postSolution
		{42629104-70FC-4178-848F-8BDF47ED0BE1}.Debug|Any CPU.ActiveCfg = Debug|Any CPU
		{42629104-70FC-4178-848F-8BDF47ED0BE1}.Debug|Any CPU.Build.0 = Debug|Any CPU
		{42629104-70FC-4178-848F-8BDF47ED0BE1}.Release|Any CPU.ActiveCfg = Release|Any CPU
		{42629104-70FC-4178-848F-8BDF47ED0BE1}.Release|Any CPU.Build.0 = Release|Any CPU
		{86A12AAF-C105-402B-9CC6-F403C1339CD8}.Debug|Any CPU.ActiveCfg = Debug|Any CPU
		{86A12AAF-C105-402B-9CC6-F403C1339CD8}.Debug|Any CPU.Build.0 = Debug|Any CPU
		{86A12AAF-C105-402B-9CC6-F403C1339CD8}.Release|Any CPU.ActiveCfg = Release|Any CPU
		{86A12AAF-C105-402B-9CC6-F403C1339CD8}.Release|Any CPU.Build.0 = Release|Any CPU
		{DBBFE940-F1D7-46F9-B2F5-612B313534EA}.Debug|Any CPU.ActiveCfg = Debug|Any CPU
		{DBBFE940-F1D7-46F9-B2F5-612B313534EA}.Debug|Any CPU.Build.0 = Debug|Any CPU
		{DBBFE940-F1D7-46F9-B2F5-612B313534EA}.Release|Any CPU.ActiveCfg = Release|Any CPU
		{DBBFE940-F1D7-46F9-B2F5-612B313534EA}.Release|Any CPU.Build.0 = Release|Any CPU
	EndGlobalSection
	GlobalSection(SolutionProperties) = preSolution
		HideSolutionNode = FALSE
	EndGlobalSection
	GlobalSection(ExtensibilityGlobals) = postSolution
		SolutionGuid = {0F0A97BA-5189-4AC9-9022-BC683652735F}
	EndGlobalSection
EndGlobal
