
Microsoft Visual Studio Solution File, Format Version 12.00
# Visual Studio Version 17
VisualStudioVersion = 17.2.32519.379
MinimumVisualStudioVersion = 10.0.40219.1
Project("{FAE04EC0-301F-11D3-BF4B-00C04F79EFBC}") = "RemoveDuplicatesFromLists", "RemoveDuplicatesFromLists\RemoveDuplicatesFromLists.csproj", "{A219EFC0-F63C-4661-8E53-1D9DEBE7AB1E}"
EndProject
Project("{FAE04EC0-301F-11D3-BF4B-00C04F79EFBC}") = "RemoveDuplicatesFromListsTests", "Tests\RemoveDuplicatesFromListsTests.csproj", "{D4B15C45-FE38-4529-B994-B4C0B660BFF9}"
EndProject
Project("{FAE04EC0-301F-11D3-BF4B-00C04F79EFBC}") = "RemoveDuplicatesFromListsBenchmark", "RemoveDuplicatesFromListsBenchmark\RemoveDuplicatesFromListsBenchmark.csproj", "{F2E3C730-CF1F-4674-964A-81F737E46BD8}"
EndProject
Global
	GlobalSection(SolutionConfigurationPlatforms) = preSolution
		Debug|Any CPU = Debug|Any CPU
		Release|Any CPU = Release|Any CPU
	EndGlobalSection
	GlobalSection(ProjectConfigurationPlatforms) = postSolution
		{A219EFC0-F63C-4661-8E53-1D9DEBE7AB1E}.Debug|Any CPU.ActiveCfg = Debug|Any CPU
		{A219EFC0-F63C-4661-8E53-1D9DEBE7AB1E}.Debug|Any CPU.Build.0 = Debug|Any CPU
		{A219EFC0-F63C-4661-8E53-1D9DEBE7AB1E}.Release|Any CPU.ActiveCfg = Release|Any CPU
		{A219EFC0-F63C-4661-8E53-1D9DEBE7AB1E}.Release|Any CPU.Build.0 = Release|Any CPU
		{D4B15C45-FE38-4529-B994-B4C0B660BFF9}.Debug|Any CPU.ActiveCfg = Debug|Any CPU
		{D4B15C45-FE38-4529-B994-B4C0B660BFF9}.Debug|Any CPU.Build.0 = Debug|Any CPU
		{D4B15C45-FE38-4529-B994-B4C0B660BFF9}.Release|Any CPU.ActiveCfg = Release|Any CPU
		{D4B15C45-FE38-4529-B994-B4C0B660BFF9}.Release|Any CPU.Build.0 = Release|Any CPU
		{F2E3C730-CF1F-4674-964A-81F737E46BD8}.Debug|Any CPU.ActiveCfg = Debug|Any CPU
		{F2E3C730-CF1F-4674-964A-81F737E46BD8}.Debug|Any CPU.Build.0 = Debug|Any CPU
		{F2E3C730-CF1F-4674-964A-81F737E46BD8}.Release|Any CPU.ActiveCfg = Release|Any CPU
		{F2E3C730-CF1F-4674-964A-81F737E46BD8}.Release|Any CPU.Build.0 = Release|Any CPU
	EndGlobalSection
	GlobalSection(SolutionProperties) = preSolution
		HideSolutionNode = FALSE
	EndGlobalSection
	GlobalSection(ExtensibilityGlobals) = postSolution
		SolutionGuid = {14584EC1-11F8-405D-9A14-FD70C1C1FA0C}
	EndGlobalSection
EndGlobal
