
Microsoft Visual Studio Solution File, Format Version 12.00
# Visual Studio Version 17
VisualStudioVersion = 17.0.32112.339
MinimumVisualStudioVersion = 10.0.40219.1
Project("{9A19103F-16F7-4668-BE54-9A1E7A4F7556}") = "Producer", "Producer\Producer.csproj", "{B03261C1-B977-4380-B6FE-0FC18C4A27C4}"
EndProject
Project("{9A19103F-16F7-4668-BE54-9A1E7A4F7556}") = "Consumer", "Consumer\Consumer.csproj", "{F3E27272-0B4C-407F-9957-D695CFAA293B}"
EndProject
Project("{9A19103F-16F7-4668-BE54-9A1E7A4F7556}") = "SharedModels", "SharedModels\SharedModels.csproj", "{4B98C804-A0D9-4931-B29E-E43687A5C4DB}"
EndProject
Project("{9A19103F-16F7-4668-BE54-9A1E7A4F7556}") = "Tests", "Tests\Tests.csproj", "{CEA378E9-AEAD-4F1E-9F0E-57BBFB45D372}"
EndProject
Global
	GlobalSection(SolutionConfigurationPlatforms) = preSolution
		Debug|Any CPU = Debug|Any CPU
		Release|Any CPU = Release|Any CPU
	EndGlobalSection
	GlobalSection(ProjectConfigurationPlatforms) = postSolution
		{B03261C1-B977-4380-B6FE-0FC18C4A27C4}.Debug|Any CPU.ActiveCfg = Debug|Any CPU
		{B03261C1-B977-4380-B6FE-0FC18C4A27C4}.Debug|Any CPU.Build.0 = Debug|Any CPU
		{B03261C1-B977-4380-B6FE-0FC18C4A27C4}.Release|Any CPU.ActiveCfg = Release|Any CPU
		{B03261C1-B977-4380-B6FE-0FC18C4A27C4}.Release|Any CPU.Build.0 = Release|Any CPU
		{F3E27272-0B4C-407F-9957-D695CFAA293B}.Debug|Any CPU.ActiveCfg = Debug|Any CPU
		{F3E27272-0B4C-407F-9957-D695CFAA293B}.Debug|Any CPU.Build.0 = Debug|Any CPU
		{F3E27272-0B4C-407F-9957-D695CFAA293B}.Release|Any CPU.ActiveCfg = Release|Any CPU
		{F3E27272-0B4C-407F-9957-D695CFAA293B}.Release|Any CPU.Build.0 = Release|Any CPU
		{4B98C804-A0D9-4931-B29E-E43687A5C4DB}.Debug|Any CPU.ActiveCfg = Debug|Any CPU
		{4B98C804-A0D9-4931-B29E-E43687A5C4DB}.Debug|Any CPU.Build.0 = Debug|Any CPU
		{4B98C804-A0D9-4931-B29E-E43687A5C4DB}.Release|Any CPU.ActiveCfg = Release|Any CPU
		{4B98C804-A0D9-4931-B29E-E43687A5C4DB}.Release|Any CPU.Build.0 = Release|Any CPU
		{CEA378E9-AEAD-4F1E-9F0E-57BBFB45D372}.Debug|Any CPU.ActiveCfg = Debug|Any CPU
		{CEA378E9-AEAD-4F1E-9F0E-57BBFB45D372}.Debug|Any CPU.Build.0 = Debug|Any CPU
		{CEA378E9-AEAD-4F1E-9F0E-57BBFB45D372}.Release|Any CPU.ActiveCfg = Release|Any CPU
		{CEA378E9-AEAD-4F1E-9F0E-57BBFB45D372}.Release|Any CPU.Build.0 = Release|Any CPU
	EndGlobalSection
	GlobalSection(SolutionProperties) = preSolution
		HideSolutionNode = FALSE
	EndGlobalSection
	GlobalSection(ExtensibilityGlobals) = postSolution
		SolutionGuid = {E8AEBB49-8DA9-4208-BED8-3593FF323664}
	EndGlobalSection
EndGlobal
