
Microsoft Visual Studio Solution File, Format Version 12.00
# Visual Studio Version 17
VisualStudioVersion = 17.4.33110.190
MinimumVisualStudioVersion = 10.0.40219.1
Project("{9A19103F-16F7-4668-BE54-9A1E7A4F7556}") = "EncryptingAndDecryptingStringInCSharp", "EncryptingAndDecryptingStringInCSharp\EncryptingAndDecryptingStringInCSharp.csproj", "{5E00A232-14B7-448B-844B-9DD6B5B1D75F}"
EndProject
Project("{FAE04EC0-301F-11D3-BF4B-00C04F79EFBC}") = "Tests", "Tests\Tests.csproj", "{FB1AE453-BBF3-4988-808E-5AAC31604EE9}"
EndProject
Global
	GlobalSection(SolutionConfigurationPlatforms) = preSolution
		Debug|Any CPU = Debug|Any CPU
		Release|Any CPU = Release|Any CPU
	EndGlobalSection
	GlobalSection(ProjectConfigurationPlatforms) = postSolution
		{5E00A232-14B7-448B-844B-9DD6B5B1D75F}.Debug|Any CPU.ActiveCfg = Debug|Any CPU
		{5E00A232-14B7-448B-844B-9DD6B5B1D75F}.Debug|Any CPU.Build.0 = Debug|Any CPU
		{5E00A232-14B7-448B-844B-9DD6B5B1D75F}.Release|Any CPU.ActiveCfg = Release|Any CPU
		{5E00A232-14B7-448B-844B-9DD6B5B1D75F}.Release|Any CPU.Build.0 = Release|Any CPU
		{FB1AE453-BBF3-4988-808E-5AAC31604EE9}.Debug|Any CPU.ActiveCfg = Debug|Any CPU
		{FB1AE453-BBF3-4988-808E-5AAC31604EE9}.Debug|Any CPU.Build.0 = Debug|Any CPU
		{FB1AE453-BBF3-4988-808E-5AAC31604EE9}.Release|Any CPU.ActiveCfg = Release|Any CPU
		{FB1AE453-BBF3-4988-808E-5AAC31604EE9}.Release|Any CPU.Build.0 = Release|Any CPU
	EndGlobalSection
	GlobalSection(SolutionProperties) = preSolution
		HideSolutionNode = FALSE
	EndGlobalSection
	GlobalSection(ExtensibilityGlobals) = postSolution
		SolutionGuid = {8AECCFC2-B890-4B84-9DC4-A12AAE752B13}
	EndGlobalSection
EndGlobal
