
Microsoft Visual Studio Solution File, Format Version 12.00
# Visual Studio Version 17
VisualStudioVersion = 17.4.33213.308
MinimumVisualStudioVersion = 10.0.40219.1
Project("{9A19103F-16F7-4668-BE54-9A1E7A4F7556}") = "HidingSwaggerEndpointTests", "..\HidingEndpointInSwaggerTests\HidingSwaggerEndpointTests.csproj", "{3EEBF511-8472-4403-80C4-1B2250458D6C}"
EndProject
Project("{9A19103F-16F7-4668-BE54-9A1E7A4F7556}") = "HideSwaggerEndpoint", "HideSwaggerEndpoint\HideSwaggerEndpoint.csproj", "{00475413-FB16-45E6-A7B7-D70A9513A26A}"
EndProject
Global
	GlobalSection(SolutionConfigurationPlatforms) = preSolution
		Debug|Any CPU = Debug|Any CPU
		Release|Any CPU = Release|Any CPU
	EndGlobalSection
	GlobalSection(ProjectConfigurationPlatforms) = postSolution
		{3EEBF511-8472-4403-80C4-1B2250458D6C}.Debug|Any CPU.ActiveCfg = Debug|Any CPU
		{3EEBF511-8472-4403-80C4-1B2250458D6C}.Debug|Any CPU.Build.0 = Debug|Any CPU
		{3EEBF511-8472-4403-80C4-1B2250458D6C}.Release|Any CPU.ActiveCfg = Release|Any CPU
		{3EEBF511-8472-4403-80C4-1B2250458D6C}.Release|Any CPU.Build.0 = Release|Any CPU
		{00475413-FB16-45E6-A7B7-D70A9513A26A}.Debug|Any CPU.ActiveCfg = Debug|Any CPU
		{00475413-FB16-45E6-A7B7-D70A9513A26A}.Debug|Any CPU.Build.0 = Debug|Any CPU
		{00475413-FB16-45E6-A7B7-D70A9513A26A}.Release|Any CPU.ActiveCfg = Release|Any CPU
		{00475413-FB16-45E6-A7B7-D70A9513A26A}.Release|Any CPU.Build.0 = Release|Any CPU
	EndGlobalSection
	GlobalSection(SolutionProperties) = preSolution
		HideSolutionNode = FALSE
	EndGlobalSection
	GlobalSection(ExtensibilityGlobals) = postSolution
		SolutionGuid = {F7DC8D09-B15E-4062-A6AF-8DA178EC7DFB}
	EndGlobalSection
EndGlobal
