
Microsoft Visual Studio Solution File, Format Version 12.00
# Visual Studio Version 17
VisualStudioVersion = 17.4.33122.133
MinimumVisualStudioVersion = 10.0.40219.1
Project("{FAE04EC0-301F-11D3-BF4B-00C04F79EFBC}") = "CheckIfStringArrayContainsAValueAndGetIndex", "CheckIfStringArrayContainsAValueAndGetIndex\CheckIfStringArrayContainsAValueAndGetIndex.csproj", "{8FF745CC-5EEB-47E6-A15E-DA5303BF1B88}"
EndProject
Project("{FAE04EC0-301F-11D3-BF4B-00C04F79EFBC}") = "Tests", "Tests\Tests.csproj", "{8200EF72-9234-49C4-8B4B-A7270903A78A}"
EndProject
Global
	GlobalSection(SolutionConfigurationPlatforms) = preSolution
		Debug|Any CPU = Debug|Any CPU
		Release|Any CPU = Release|Any CPU
	EndGlobalSection
	GlobalSection(ProjectConfigurationPlatforms) = postSolution
		{8FF745CC-5EEB-47E6-A15E-DA5303BF1B88}.Debug|Any CPU.ActiveCfg = Debug|Any CPU
		{8FF745CC-5EEB-47E6-A15E-DA5303BF1B88}.Debug|Any CPU.Build.0 = Debug|Any CPU
		{8FF745CC-5EEB-47E6-A15E-DA5303BF1B88}.Release|Any CPU.ActiveCfg = Release|Any CPU
		{8FF745CC-5EEB-47E6-A15E-DA5303BF1B88}.Release|Any CPU.Build.0 = Release|Any CPU
		{8200EF72-9234-49C4-8B4B-A7270903A78A}.Debug|Any CPU.ActiveCfg = Debug|Any CPU
		{8200EF72-9234-49C4-8B4B-A7270903A78A}.Debug|Any CPU.Build.0 = Debug|Any CPU
		{8200EF72-9234-49C4-8B4B-A7270903A78A}.Release|Any CPU.ActiveCfg = Release|Any CPU
		{8200EF72-9234-49C4-8B4B-A7270903A78A}.Release|Any CPU.Build.0 = Release|Any CPU
	EndGlobalSection
	GlobalSection(SolutionProperties) = preSolution
		HideSolutionNode = FALSE
	EndGlobalSection
	GlobalSection(ExtensibilityGlobals) = postSolution
		SolutionGuid = {67C24243-BE7B-4FBC-BA43-3D6F8B618237}
	EndGlobalSection
EndGlobal
