
Microsoft Visual Studio Solution File, Format Version 12.00
# Visual Studio Version 16
VisualStudioVersion = 16.0.31729.503
MinimumVisualStudioVersion = 10.0.40219.1
Project("{9A19103F-16F7-4668-BE54-9A1E7A4F7556}") = "Action-and-Func-delegates", "Action-and-Func-delegates.csproj", "{69B23064-42E7-46C3-A00E-6039345C08A4}"
EndProject
Project("{FAE04EC0-301F-11D3-BF4B-00C04F79EFBC}") = "ActionAndFuncDelegatesInCsharpTest", "..\ActionAndFuncDelegatesInCsharpTest\ActionAndFuncDelegatesInCsharpTest.csproj", "{FB5BB673-7F96-40DA-A761-05F027CE2C3D}"
EndProject
Global
	GlobalSection(SolutionConfigurationPlatforms) = preSolution
		Debug|Any CPU = Debug|Any CPU
		Release|Any CPU = Release|Any CPU
	EndGlobalSection
	GlobalSection(ProjectConfigurationPlatforms) = postSolution
		{69B23064-42E7-46C3-A00E-6039345C08A4}.Debug|Any CPU.ActiveCfg = Debug|Any CPU
		{69B23064-42E7-46C3-A00E-6039345C08A4}.Debug|Any CPU.Build.0 = Debug|Any CPU
		{69B23064-42E7-46C3-A00E-6039345C08A4}.Release|Any CPU.ActiveCfg = Release|Any CPU
		{69B23064-42E7-46C3-A00E-6039345C08A4}.Release|Any CPU.Build.0 = Release|Any CPU
		{FB5BB673-7F96-40DA-A761-05F027CE2C3D}.Debug|Any CPU.ActiveCfg = Debug|Any CPU
		{FB5BB673-7F96-40DA-A761-05F027CE2C3D}.Debug|Any CPU.Build.0 = Debug|Any CPU
		{FB5BB673-7F96-40DA-A761-05F027CE2C3D}.Release|Any CPU.ActiveCfg = Release|Any CPU
		{FB5BB673-7F96-40DA-A761-05F027CE2C3D}.Release|Any CPU.Build.0 = Release|Any CPU
	EndGlobalSection
	GlobalSection(SolutionProperties) = preSolution
		HideSolutionNode = FALSE
	EndGlobalSection
	GlobalSection(ExtensibilityGlobals) = postSolution
		SolutionGuid = {174170ED-914B-41AF-A024-1CC3C3F042E6}
	EndGlobalSection
EndGlobal
