
Microsoft Visual Studio Solution File, Format Version 12.00
# Visual Studio Version 17
VisualStudioVersion = 17.5.33516.290
MinimumVisualStudioVersion = 10.0.40219.1
Project("{4f5f6b7b-88a2-4a2e-a16c-75603c74f977}") = "PermutationsOfAString", "PermutationsOfAString\PermutationsOfAString.csproj", "{aa788b42-8603-4796-a143-d0e0ab012b47}"
EndProject
Project("{4f5f6b7b-88a2-4a2e-a16c-75603c74f977}") = "Tests", "Tests\Tests.csproj", "{b51e6479-81ff-4731-970c-6f5691bce239}"
EndProject
Global
	GlobalSection(SolutionConfigurationPlatforms) = preSolution
		Debug|Any CPU = Debug|Any CPU
		Release|Any CPU = Release|Any CPU
	EndGlobalSection
	GlobalSection(ProjectConfigurationPlatforms) = postSolution
		{aa788b42-8603-4796-a143-d0e0ab012b47}.Debug|Any CPU.ActiveCfg = Debug|Any CPU
		{aa788b42-8603-4796-a143-d0e0ab012b47}.Debug|Any CPU.Build.0 = Debug|Any CPU
		{aa788b42-8603-4796-a143-d0e0ab012b47}.Release|Any CPU.ActiveCfg = Release|Any CPU
		{aa788b42-8603-4796-a143-d0e0ab012b47}.Release|Any CPU.Build.0 = Release|Any CPU
		{b51e6479-81ff-4731-970c-6f5691bce239}.Debug|Any CPU.ActiveCfg = Debug|Any CPU
		{b51e6479-81ff-4731-970c-6f5691bce239}.Debug|Any CPU.Build.0 = Debug|Any CPU
		{b51e6479-81ff-4731-970c-6f5691bce239}.Release|Any CPU.ActiveCfg = Release|Any CPU
		{b51e6479-81ff-4731-970c-6f5691bce239}.Release|Any CPU.Build.0 = Release|Any CPU
	EndGlobalSection
	GlobalSection(SolutionProperties) = preSolution
		HideSolutionNode = FALSE
	EndGlobalSection
	GlobalSection(ExtensibilityGlobals) = postSolution
		SolutionGuid = {a4063d07-9799-4875-bc71-d9d162ebe9db}
	EndGlobalSection
EndGlobal
