
Microsoft Visual Studio Solution File, Format Version 12.00
# Visual Studio Version 17
VisualStudioVersion = 17.4.33205.214
MinimumVisualStudioVersion = 10.0.40219.1
Project("{9A19103F-16F7-4668-BE54-9A1E7A4F7556}") = "AutoMapperIgnoreNullValues", "Console\AutoMapperIgnoreNullValues.csproj", "{75896761-B739-43AB-B763-D5027159AFD1}"
EndProject
Project("{9A19103F-16F7-4668-BE54-9A1E7A4F7556}") = "AutoMapperIgnoreNullValuesTests", "Tests\AutoMapperIgnoreNullValuesTests.csproj", "{9963929B-52B3-4060-AF2A-A535A6FC9F6E}"
EndProject
Global
	GlobalSection(SolutionConfigurationPlatforms) = preSolution
		Debug|Any CPU = Debug|Any CPU
		Release|Any CPU = Release|Any CPU
	EndGlobalSection
	GlobalSection(ProjectConfigurationPlatforms) = postSolution
		{75896761-B739-43AB-B763-D5027159AFD1}.Debug|Any CPU.ActiveCfg = Debug|Any CPU
		{75896761-B739-43AB-B763-D5027159AFD1}.Debug|Any CPU.Build.0 = Debug|Any CPU
		{75896761-B739-43AB-B763-D5027159AFD1}.Release|Any CPU.ActiveCfg = Release|Any CPU
		{75896761-B739-43AB-B763-D5027159AFD1}.Release|Any CPU.Build.0 = Release|Any CPU
		{9963929B-52B3-4060-AF2A-A535A6FC9F6E}.Debug|Any CPU.ActiveCfg = Debug|Any CPU
		{9963929B-52B3-4060-AF2A-A535A6FC9F6E}.Debug|Any CPU.Build.0 = Debug|Any CPU
		{9963929B-52B3-4060-AF2A-A535A6FC9F6E}.Release|Any CPU.ActiveCfg = Release|Any CPU
		{9963929B-52B3-4060-AF2A-A535A6FC9F6E}.Release|Any CPU.Build.0 = Release|Any CPU
	EndGlobalSection
	GlobalSection(SolutionProperties) = preSolution
		HideSolutionNode = FALSE
	EndGlobalSection
	GlobalSection(ExtensibilityGlobals) = postSolution
		SolutionGuid = {D411BF6F-CA32-477C-9758-0BBA16327F4E}
	EndGlobalSection
EndGlobal
