
Microsoft Visual Studio Solution File, Format Version 12.00
# Visual Studio Version 17
VisualStudioVersion = 17.6.33815.320
MinimumVisualStudioVersion = 10.0.40219.1
Project("{9A19103F-16F7-4668-BE54-9A1E7A4F7556}") = "BuildQueryString", "BuildQueryString\BuildQueryString.csproj", "{050D6FB6-221B-4DCB-8830-9F32A443F540}"
EndProject
Project("{9A19103F-16F7-4668-BE54-9A1E7A4F7556}") = "BooksAPI", "BooksAPI\BooksAPI.csproj", "{ECC70B1C-8A9C-4CAB-97C8-C705DCA1F51E}"
EndProject
Project("{FAE04EC0-301F-11D3-BF4B-00C04F79EFBC}") = "BuildQueryStringUnitTests", "BuildQueryStringTests\BuildQueryStringUnitTests.csproj", "{90705E15-8E65-407A-A114-59D870479942}"
EndProject
Global
	GlobalSection(SolutionConfigurationPlatforms) = preSolution
		Debug|Any CPU = Debug|Any CPU
		Release|Any CPU = Release|Any CPU
	EndGlobalSection
	GlobalSection(ProjectConfigurationPlatforms) = postSolution
		{050D6FB6-221B-4DCB-8830-9F32A443F540}.Debug|Any CPU.ActiveCfg = Debug|Any CPU
		{050D6FB6-221B-4DCB-8830-9F32A443F540}.Debug|Any CPU.Build.0 = Debug|Any CPU
		{050D6FB6-221B-4DCB-8830-9F32A443F540}.Release|Any CPU.ActiveCfg = Release|Any CPU
		{050D6FB6-221B-4DCB-8830-9F32A443F540}.Release|Any CPU.Build.0 = Release|Any CPU
		{ECC70B1C-8A9C-4CAB-97C8-C705DCA1F51E}.Debug|Any CPU.ActiveCfg = Debug|Any CPU
		{ECC70B1C-8A9C-4CAB-97C8-C705DCA1F51E}.Debug|Any CPU.Build.0 = Debug|Any CPU
		{ECC70B1C-8A9C-4CAB-97C8-C705DCA1F51E}.Release|Any CPU.ActiveCfg = Release|Any CPU
		{ECC70B1C-8A9C-4CAB-97C8-C705DCA1F51E}.Release|Any CPU.Build.0 = Release|Any CPU
		{90705E15-8E65-407A-A114-59D870479942}.Debug|Any CPU.ActiveCfg = Debug|Any CPU
		{90705E15-8E65-407A-A114-59D870479942}.Debug|Any CPU.Build.0 = Debug|Any CPU
		{90705E15-8E65-407A-A114-59D870479942}.Release|Any CPU.ActiveCfg = Release|Any CPU
		{90705E15-8E65-407A-A114-59D870479942}.Release|Any CPU.Build.0 = Release|Any CPU
	EndGlobalSection
	GlobalSection(SolutionProperties) = preSolution
		HideSolutionNode = FALSE
	EndGlobalSection
	GlobalSection(ExtensibilityGlobals) = postSolution
		SolutionGuid = {309FAB1C-17AC-4A6B-A469-C40E94247046}
	EndGlobalSection
EndGlobal
