
Microsoft Visual Studio Solution File, Format Version 12.00
# Visual Studio Version 17
VisualStudioVersion = 17.0.32014.148
MinimumVisualStudioVersion = 10.0.40219.1
Project("{FAE04EC0-301F-11D3-BF4B-00C04F79EFBC}") = "FuncAndActionDelegates", "FuncAndActionDelegates\FuncAndActionDelegates.csproj", "{5B1CD829-794D-4F43-8E27-9F8AABE24FC3}"
EndProject
Project("{FAE04EC0-301F-11D3-BF4B-00C04F79EFBC}") = "Tests", "Tests\Tests.csproj", "{0B9964C1-2AF7-4461-BFD6-5EEB0DE2DA99}"
EndProject
Global
	GlobalSection(SolutionConfigurationPlatforms) = preSolution
		Debug|Any CPU = Debug|Any CPU
		Release|Any CPU = Release|Any CPU
	EndGlobalSection
	GlobalSection(ProjectConfigurationPlatforms) = postSolution
		{5B1CD829-794D-4F43-8E27-9F8AABE24FC3}.Debug|Any CPU.ActiveCfg = Debug|Any CPU
		{5B1CD829-794D-4F43-8E27-9F8AABE24FC3}.Debug|Any CPU.Build.0 = Debug|Any CPU
		{5B1CD829-794D-4F43-8E27-9F8AABE24FC3}.Release|Any CPU.ActiveCfg = Release|Any CPU
		{5B1CD829-794D-4F43-8E27-9F8AABE24FC3}.Release|Any CPU.Build.0 = Release|Any CPU
		{0B9964C1-2AF7-4461-BFD6-5EEB0DE2DA99}.Debug|Any CPU.ActiveCfg = Debug|Any CPU
		{0B9964C1-2AF7-4461-BFD6-5EEB0DE2DA99}.Debug|Any CPU.Build.0 = Debug|Any CPU
		{0B9964C1-2AF7-4461-BFD6-5EEB0DE2DA99}.Release|Any CPU.ActiveCfg = Release|Any CPU
		{0B9964C1-2AF7-4461-BFD6-5EEB0DE2DA99}.Release|Any CPU.Build.0 = Release|Any CPU
	EndGlobalSection
	GlobalSection(SolutionProperties) = preSolution
		HideSolutionNode = FALSE
	EndGlobalSection
	GlobalSection(ExtensibilityGlobals) = postSolution
		SolutionGuid = {B2B71AA2-94E2-45F6-A88C-8FA4D7C965FD}
	EndGlobalSection
EndGlobal
