
Microsoft Visual Studio Solution File, Format Version 12.00
# Visual Studio Version 17
VisualStudioVersion = 17.0.32014.148
MinimumVisualStudioVersion = 10.0.40219.1
Project("{9A19103F-16F7-4668-BE54-9A1E7A4F7556}") = "Tests", "Tests\Tests.csproj", "{0B9964C1-2AF7-4461-BFD6-5EEB0DE2DA99}"
EndProject
Project("{9A19103F-16F7-4668-BE54-9A1E7A4F7556}") = "FuncAndActionDelegates", "FuncAndActionDelegates\FuncAndActionDelegates.csproj", "{0C9BDD91-C9EC-495C-B0E9-56B5B927A1E8}"
EndProject
Global
	GlobalSection(SolutionConfigurationPlatforms) = preSolution
		Debug|Any CPU = Debug|Any CPU
		Release|Any CPU = Release|Any CPU
	EndGlobalSection
	GlobalSection(ProjectConfigurationPlatforms) = postSolution
		{0B9964C1-2AF7-4461-BFD6-5EEB0DE2DA99}.Debug|Any CPU.ActiveCfg = Debug|Any CPU
		{0B9964C1-2AF7-4461-BFD6-5EEB0DE2DA99}.Debug|Any CPU.Build.0 = Debug|Any CPU
		{0B9964C1-2AF7-4461-BFD6-5EEB0DE2DA99}.Release|Any CPU.ActiveCfg = Release|Any CPU
		{0B9964C1-2AF7-4461-BFD6-5EEB0DE2DA99}.Release|Any CPU.Build.0 = Release|Any CPU
		{0C9BDD91-C9EC-495C-B0E9-56B5B927A1E8}.Debug|Any CPU.ActiveCfg = Debug|Any CPU
		{0C9BDD91-C9EC-495C-B0E9-56B5B927A1E8}.Debug|Any CPU.Build.0 = Debug|Any CPU
		{0C9BDD91-C9EC-495C-B0E9-56B5B927A1E8}.Release|Any CPU.ActiveCfg = Release|Any CPU
		{0C9BDD91-C9EC-495C-B0E9-56B5B927A1E8}.Release|Any CPU.Build.0 = Release|Any CPU
	EndGlobalSection
	GlobalSection(SolutionProperties) = preSolution
		HideSolutionNode = FALSE
	EndGlobalSection
	GlobalSection(ExtensibilityGlobals) = postSolution
		SolutionGuid = {B2B71AA2-94E2-45F6-A88C-8FA4D7C965FD}
	EndGlobalSection
EndGlobal
