
Microsoft Visual Studio Solution File, Format Version 12.00
# Visual Studio Version 17
VisualStudioVersion = 17.10.35004.147
MinimumVisualStudioVersion = 10.0.40219.1
Project("{FAE04EC0-301F-11D3-BF4B-00C04F79EFBC}") = "HowToReadAppSettings", "HowToReadAppSettings\HowToReadAppSettings.csproj", "{3EB8DF97-26EA-4E6E-A289-8752BA623CBF}"
EndProject
Project("{FAE04EC0-301F-11D3-BF4B-00C04F79EFBC}") = "HowToReadAppSettingsTest", "HowToReadAppSettingsTest\HowToReadAppSettingsTest.csproj", "{6776D09B-2BB6-42FB-A5B1-B4C42237CC19}"
EndProject
Global
	GlobalSection(SolutionConfigurationPlatforms) = preSolution
		Debug|Any CPU = Debug|Any CPU
		Release|Any CPU = Release|Any CPU
	EndGlobalSection
	GlobalSection(ProjectConfigurationPlatforms) = postSolution
		{3EB8DF97-26EA-4E6E-A289-8752BA623CBF}.Debug|Any CPU.ActiveCfg = Debug|Any CPU
		{3EB8DF97-26EA-4E6E-A289-8752BA623CBF}.Debug|Any CPU.Build.0 = Debug|Any CPU
		{3EB8DF97-26EA-4E6E-A289-8752BA623CBF}.Release|Any CPU.ActiveCfg = Release|Any CPU
		{3EB8DF97-26EA-4E6E-A289-8752BA623CBF}.Release|Any CPU.Build.0 = Release|Any CPU
		{6776D09B-2BB6-42FB-A5B1-B4C42237CC19}.Debug|Any CPU.ActiveCfg = Debug|Any CPU
		{6776D09B-2BB6-42FB-A5B1-B4C42237CC19}.Debug|Any CPU.Build.0 = Debug|Any CPU
		{6776D09B-2BB6-42FB-A5B1-B4C42237CC19}.Release|Any CPU.ActiveCfg = Release|Any CPU
		{6776D09B-2BB6-42FB-A5B1-B4C42237CC19}.Release|Any CPU.Build.0 = Release|Any CPU
	EndGlobalSection
	GlobalSection(SolutionProperties) = preSolution
		HideSolutionNode = FALSE
	EndGlobalSection
	GlobalSection(ExtensibilityGlobals) = postSolution
		SolutionGuid = {23CFFE63-64CD-4DEA-80F6-A6AE53542384}
	EndGlobalSection
EndGlobal
