
Microsoft Visual Studio Solution File, Format Version 12.00
# Visual Studio Version 17
VisualStudioVersion = 17.4.33205.214
MinimumVisualStudioVersion = 10.0.40219.1
Project("{9A19103F-16F7-4668-BE54-9A1E7A4F7556}") = "YieldBreakInCSharp", "YieldBreakInCSharp\YieldBreakInCSharp.csproj", "{B4A3AA31-B118-4211-81FD-838C860EA32E}"
EndProject
Project("{FAE04EC0-301F-11D3-BF4B-00C04F79EFBC}") = "Tests", "Tests\Tests.csproj", "{8BB8DA84-45F8-4E18-A033-27645AB50AC8}"
EndProject
Global
	GlobalSection(SolutionConfigurationPlatforms) = preSolution
		Debug|Any CPU = Debug|Any CPU
		Release|Any CPU = Release|Any CPU
	EndGlobalSection
	GlobalSection(ProjectConfigurationPlatforms) = postSolution
		{B4A3AA31-B118-4211-81FD-838C860EA32E}.Debug|Any CPU.ActiveCfg = Debug|Any CPU
		{B4A3AA31-B118-4211-81FD-838C860EA32E}.Debug|Any CPU.Build.0 = Debug|Any CPU
		{B4A3AA31-B118-4211-81FD-838C860EA32E}.Release|Any CPU.ActiveCfg = Release|Any CPU
		{B4A3AA31-B118-4211-81FD-838C860EA32E}.Release|Any CPU.Build.0 = Release|Any CPU
		{8BB8DA84-45F8-4E18-A033-27645AB50AC8}.Debug|Any CPU.ActiveCfg = Debug|Any CPU
		{8BB8DA84-45F8-4E18-A033-27645AB50AC8}.Debug|Any CPU.Build.0 = Debug|Any CPU
		{8BB8DA84-45F8-4E18-A033-27645AB50AC8}.Release|Any CPU.ActiveCfg = Release|Any CPU
		{8BB8DA84-45F8-4E18-A033-27645AB50AC8}.Release|Any CPU.Build.0 = Release|Any CPU
	EndGlobalSection
	GlobalSection(SolutionProperties) = preSolution
		HideSolutionNode = FALSE
	EndGlobalSection
	GlobalSection(ExtensibilityGlobals) = postSolution
		SolutionGuid = {CB569EBC-3F99-4564-8F86-76E714549F24}
	EndGlobalSection
EndGlobal
