
Microsoft Visual Studio Solution File, Format Version 12.00
# Visual Studio Version 17
VisualStudioVersion = 17.7.34031.279
MinimumVisualStudioVersion = 10.0.40219.1
Project("{9A19103F-16F7-4668-BE54-9A1E7A4F7556}") = "Tests", "Tests\Tests.csproj", "{5801DD32-20B4-4E4D-B68E-24EB8CE4D5C9}"
EndProject
Project("{9A19103F-16F7-4668-BE54-9A1E7A4F7556}") = "DirectoryAndDirectoryInfo", "DirectoryAndDirectoryInfo\DirectoryAndDirectoryInfo.csproj", "{CF63945C-4A93-45A0-A39D-45ACD660A363}"
EndProject
Global
	GlobalSection(SolutionConfigurationPlatforms) = preSolution
		Debug|Any CPU = Debug|Any CPU
		Release|Any CPU = Release|Any CPU
	EndGlobalSection
	GlobalSection(ProjectConfigurationPlatforms) = postSolution
		{5801DD32-20B4-4E4D-B68E-24EB8CE4D5C9}.Debug|Any CPU.ActiveCfg = Debug|Any CPU
		{5801DD32-20B4-4E4D-B68E-24EB8CE4D5C9}.Debug|Any CPU.Build.0 = Debug|Any CPU
		{5801DD32-20B4-4E4D-B68E-24EB8CE4D5C9}.Release|Any CPU.ActiveCfg = Release|Any CPU
		{5801DD32-20B4-4E4D-B68E-24EB8CE4D5C9}.Release|Any CPU.Build.0 = Release|Any CPU
		{CF63945C-4A93-45A0-A39D-45ACD660A363}.Debug|Any CPU.ActiveCfg = Debug|Any CPU
		{CF63945C-4A93-45A0-A39D-45ACD660A363}.Debug|Any CPU.Build.0 = Debug|Any CPU
		{CF63945C-4A93-45A0-A39D-45ACD660A363}.Release|Any CPU.ActiveCfg = Release|Any CPU
		{CF63945C-4A93-45A0-A39D-45ACD660A363}.Release|Any CPU.Build.0 = Release|Any CPU
	EndGlobalSection
	GlobalSection(SolutionProperties) = preSolution
		HideSolutionNode = FALSE
	EndGlobalSection
	GlobalSection(ExtensibilityGlobals) = postSolution
		SolutionGuid = {71B8403D-E9F9-40F9-9ACD-CE94C08515B8}
	EndGlobalSection
EndGlobal
