
Microsoft Visual Studio Solution File, Format Version 12.00
# Visual Studio Version 17
VisualStudioVersion = 17.1.31911.260
MinimumVisualStudioVersion = 10.0.40219.1
Project("{FAE04EC0-301F-11D3-BF4B-00C04F79EFBC}") = "ConvertCharArray2String", "ConvertCharArray2String\ConvertCharArray2String.csproj", "{F21AE7B0-5961-431F-9573-CF567C362730}"
EndProject
Project("{FAE04EC0-301F-11D3-BF4B-00C04F79EFBC}") = "ConvertCharArray2StringTests", "ConvertCharArray2StringTests\ConvertCharArray2StringTests.csproj", "{8359457A-7DEA-438D-9A3B-8725C41729C8}"
EndProject
Global
	GlobalSection(SolutionConfigurationPlatforms) = preSolution
		Debug|Any CPU = Debug|Any CPU
		Release|Any CPU = Release|Any CPU
	EndGlobalSection
	GlobalSection(ProjectConfigurationPlatforms) = postSolution
		{F21AE7B0-5961-431F-9573-CF567C362730}.Debug|Any CPU.ActiveCfg = Debug|Any CPU
		{F21AE7B0-5961-431F-9573-CF567C362730}.Debug|Any CPU.Build.0 = Debug|Any CPU
		{F21AE7B0-5961-431F-9573-CF567C362730}.Release|Any CPU.ActiveCfg = Release|Any CPU
		{F21AE7B0-5961-431F-9573-CF567C362730}.Release|Any CPU.Build.0 = Release|Any CPU
		{8359457A-7DEA-438D-9A3B-8725C41729C8}.Debug|Any CPU.ActiveCfg = Debug|Any CPU
		{8359457A-7DEA-438D-9A3B-8725C41729C8}.Debug|Any CPU.Build.0 = Debug|Any CPU
		{8359457A-7DEA-438D-9A3B-8725C41729C8}.Release|Any CPU.ActiveCfg = Release|Any CPU
		{8359457A-7DEA-438D-9A3B-8725C41729C8}.Release|Any CPU.Build.0 = Release|Any CPU
	EndGlobalSection
	GlobalSection(SolutionProperties) = preSolution
		HideSolutionNode = FALSE
	EndGlobalSection
	GlobalSection(ExtensibilityGlobals) = postSolution
		SolutionGuid = {2D6B49E3-EA03-48EC-9F2D-D71347761D4C}
	EndGlobalSection
EndGlobal
