
Microsoft Visual Studio Solution File, Format Version 12.00
# Visual Studio Version 16
VisualStudioVersion = 16.0.30717.126
MinimumVisualStudioVersion = 10.0.40219.1
Project("{FAE04EC0-301F-11D3-BF4B-00C04F79EFBC}") = "GenericDelegates", "GenericDelegates\GenericDelegates.csproj", "{B2623578-7F4D-4A4B-ABB8-A2840ACE2DFD}"
EndProject
Global
	GlobalSection(SolutionConfigurationPlatforms) = preSolution
		Debug|Any CPU = Debug|Any CPU
		Release|Any CPU = Release|Any CPU
	EndGlobalSection
	GlobalSection(ProjectConfigurationPlatforms) = postSolution
		{B2623578-7F4D-4A4B-ABB8-A2840ACE2DFD}.Debug|Any CPU.ActiveCfg = Debug|Any CPU
		{B2623578-7F4D-4A4B-ABB8-A2840ACE2DFD}.Debug|Any CPU.Build.0 = Debug|Any CPU
		{B2623578-7F4D-4A4B-ABB8-A2840ACE2DFD}.Release|Any CPU.ActiveCfg = Release|Any CPU
		{B2623578-7F4D-4A4B-ABB8-A2840ACE2DFD}.Release|Any CPU.Build.0 = Release|Any CPU
	EndGlobalSection
	GlobalSection(SolutionProperties) = preSolution
		HideSolutionNode = FALSE
	EndGlobalSection
	GlobalSection(ExtensibilityGlobals) = postSolution
		SolutionGuid = {A90AF0A9-7752-4322-9FB8-2D1E7E8E4D37}
	EndGlobalSection
EndGlobal
